<?xml version="1.0" encoding="utf-8"?>
<Project ToolsVersion="4.0" xmlns="http://schemas.microsoft.com/developer/msbuild/2003">
  <ItemGroup>
    <Filter Include="Source Files">
      <UniqueIdentifier>{4FC737F1-C7A5-4376-A066-2A32D752A2FF}</UniqueIdentifier>
      <Extensions>cpp;c;cc;cxx;c++;cppm;ixx;def;odl;idl;hpj;bat;asm;asmx</Extensions>
    </Filter>
    <Filter Include="Header Files">
      <UniqueIdentifier>{93995380-89BD-4b04-88EB-625FBE52EBFB}</UniqueIdentifier>
      <Extensions>h;hh;hpp;hxx;h++;hm;inl;inc;ipp;xsd</Extensions>
    </Filter>
    <Filter Include="Resource Files">
      <UniqueIdentifier>{67DA6AB6-F800-4c08-8B7A-83BB121AAD01}</UniqueIdentifier>
      <Extensions>rc;ico;cur;bmp;dlg;rc2;rct;bin;rgs;gif;jpg;jpeg;jpe;resx;tiff;tif;png;wav;mfcribbon-ms</Extensions>
    </Filter>
  </ItemGroup>
  <ItemGroup>
    <ClCompile Include="src\Time.cpp">
      <Filter>Source Files</Filter>
    </ClCompile>
    <ClCompile Include="src\Math.cpp">
      <Filter>Source Files</Filter>
    </ClCompile>
    <ClCompile Include="src\Entity.cpp">
      <Filter>Source Files</Filter>
    </ClCompile>
    <ClCompile Include="src\Color.cpp">
      <Filter>Source Files</Filter>
    </ClCompile>
    <ClCompile Include="src\ManagedRuntime.cpp">
      <Filter>Source Files</Filter>
    </ClCompile>
    <ClCompile Include="src\Renderer.cpp">
      <Filter>Source Files</Filter>
    </ClCompile>
    <ClCompile Include="src\Platform.cpp">
      <Filter>Source Files</Filter>
    </ClCompile>
    <ClCompile Include="src\ManagedAccessObject.cpp">
      <Filter>Source Files</Filter>
    </ClCompile>
    <ClCompile Include="src\Components.cpp">
      <Filter>Source Files</Filter>
    </ClCompile>
    <ClCompile Include="src\Scene.cpp">
      <Filter>Source Files</Filter>
    </ClCompile>
    <ClCompile Include="src\SceneManager.cpp">
      <Filter>Source Files</Filter>
    </ClCompile>
    <ClCompile Include="src\Object.cpp">
      <Filter>Source Files</Filter>
    </ClCompile>
    <ClCompile Include="src\Util.cpp">
      <Filter>Source Files</Filter>
    </ClCompile>
    <ClCompile Include="src\OnGui.cpp">
      <Filter>Source Files</Filter>
    </ClCompile>
    <ClCompile Include="src\SceneElement.cpp">
      <Filter>Source Files</Filter>
    </ClCompile>
    <ClCompile Include="src\Serialization.cpp">
      <Filter>Source Files</Filter>
    </ClCompile>
    <ClCompile Include="src\Image.cpp">
      <Filter>Source Files</Filter>
    </ClCompile>
    <ClCompile Include="src\AABB.cpp">
      <Filter>Source Files</Filter>
    </ClCompile>
    <ClCompile Include="src\Systems.cpp">
      <Filter>Source Files</Filter>
    </ClCompile>
  </ItemGroup>
  <ItemGroup>
    <ClInclude Include="src\Entity.hpp">
      <Filter>Header Files</Filter>
    </ClInclude>
    <ClInclude Include="src\Core.hpp">
      <Filter>Header Files</Filter>
    </ClInclude>
    <ClInclude Include="src\Math.hpp">
      <Filter>Header Files</Filter>
    </ClInclude>
    <ClInclude Include="src\Color.hpp">
      <Filter>Header Files</Filter>
    </ClInclude>
    <ClInclude Include="src\Time.hpp">
      <Filter>Header Files</Filter>
    </ClInclude>
    <ClInclude Include="src\ManagedRuntime.hpp">
      <Filter>Header Files</Filter>
    </ClInclude>
    <ClInclude Include="src\Platform.hpp">
      <Filter>Header Files</Filter>
    </ClInclude>
    <ClInclude Include="src\Event.hpp">
      <Filter>Header Files</Filter>
    </ClInclude>
    <ClInclude Include="src\Renderer.hpp">
      <Filter>Header Files</Filter>
    </ClInclude>
    <ClInclude Include="src\ManagedAccessObject.hpp">
      <Filter>Header Files</Filter>
    </ClInclude>
    <ClInclude Include="src\Components.hpp">
      <Filter>Header Files</Filter>
    </ClInclude>
    <ClInclude Include="src\Util.hpp">
      <Filter>Header Files</Filter>
    </ClInclude>
    <ClInclude Include="src\shaders\cinclude\BlinnPhongPixShadBinDebug.h">
      <Filter>Header Files</Filter>
    </ClInclude>
    <ClInclude Include="src\shaders\cinclude\BlinnPhongVertShadBinDebug.h">
      <Filter>Header Files</Filter>
    </ClInclude>
    <ClInclude Include="src\Scene.hpp">
      <Filter>Header Files</Filter>
    </ClInclude>
    <ClInclude Include="src\SceneManager.hpp">
      <Filter>Header Files</Filter>
    </ClInclude>
    <ClInclude Include="src\Object.hpp">
      <Filter>Header Files</Filter>
    </ClInclude>
    <ClInclude Include="src\OnGui.hpp">
      <Filter>Header Files</Filter>
    </ClInclude>
    <ClInclude Include="src\SceneElement.hpp">
      <Filter>Header Files</Filter>
    </ClInclude>
    <ClInclude Include="src\AABB.hpp">
      <Filter>Header Files</Filter>
    </ClInclude>
    <ClInclude Include="src\StaticModelData.hpp">
      <Filter>Header Files</Filter>
    </ClInclude>
    <ClInclude Include="src\Image.hpp">
      <Filter>Header Files</Filter>
    </ClInclude>
    <ClInclude Include="src\YamlInclude.hpp">
      <Filter>Header Files</Filter>
    </ClInclude>
    <ClInclude Include="src\Systems.hpp">
      <Filter>Header Files</Filter>
    </ClInclude>
  </ItemGroup>
  <ItemGroup>
    <None Include="src\shaders\include\BlinnPhong.hlsli" />
    <None Include="cpp.hint" />
    <None Include="vcpkg.json" />
    <None Include="src\shaders\include\ClearColor.hlsli" />
    <None Include="src\shaders\include\Lights.hlsli" />
  </ItemGroup>
  <ItemGroup>
    <FxCompile Include="src\shaders\BlinnPhongVert.hlsl" />
    <FxCompile Include="src\shaders\BlinnPhongPix.hlsl" />
    <FxCompile Include="src\shaders\ClearColorVs.hlsl" />
    <FxCompile Include="src\shaders\ClearColorPs.hlsl" />
    <FxCompile Include="src\shaders\PBRPs.hlsl" />
  </ItemGroup>
</Project>