<?xml version="1.0" encoding="utf-8"?>
<Project ToolsVersion="4.0" xmlns="http://schemas.microsoft.com/developer/msbuild/2003">
  <ItemGroup>
    <Filter Include="Source Files">
      <UniqueIdentifier>{4FC737F1-C7A5-4376-A066-2A32D752A2FF}</UniqueIdentifier>
      <Extensions>cpp;c;cc;cxx;c++;cppm;ixx;def;odl;idl;hpj;bat;asm;asmx</Extensions>
    </Filter>
    <Filter Include="Header Files">
      <UniqueIdentifier>{93995380-89BD-4b04-88EB-625FBE52EBFB}</UniqueIdentifier>
      <Extensions>h;hh;hpp;hxx;h++;hm;inl;inc;ipp;xsd</Extensions>
    </Filter>
    <Filter Include="Resource Files">
      <UniqueIdentifier>{67DA6AB6-F800-4c08-8B7A-83BB121AAD01}</UniqueIdentifier>
      <Extensions>rc;ico;cur;bmp;dlg;rc2;rct;bin;rgs;gif;jpg;jpeg;jpe;resx;tiff;tif;png;wav;mfcribbon-ms</Extensions>
    </Filter>
  </ItemGroup>
  <ItemGroup>
    <ClCompile Include="src\Timing.cpp">
      <Filter>Source Files</Filter>
    </ClCompile>
    <ClCompile Include="src\scene_objects\Entity.cpp">
      <Filter>Source Files</Filter>
    </ClCompile>
    <ClCompile Include="src\Color.cpp">
      <Filter>Source Files</Filter>
    </ClCompile>
    <ClCompile Include="src\Platform.cpp">
      <Filter>Source Files</Filter>
    </ClCompile>
    <ClCompile Include="src\Resources\Scene.cpp">
      <Filter>Source Files</Filter>
    </ClCompile>
    <ClCompile Include="src\Object.cpp">
      <Filter>Source Files</Filter>
    </ClCompile>
    <ClCompile Include="src\Image.cpp">
      <Filter>Source Files</Filter>
    </ClCompile>
    <ClCompile Include="src\Bounds.cpp">
      <Filter>Source Files</Filter>
    </ClCompile>
    <ClCompile Include="src\Resources\Material.cpp">
      <Filter>Source Files</Filter>
    </ClCompile>
    <ClCompile Include="src\Guid.cpp">
      <Filter>Source Files</Filter>
    </ClCompile>
    <ClCompile Include="src\Resources\Mesh.cpp">
      <Filter>Source Files</Filter>
    </ClCompile>
    <ClCompile Include="src\scene_objects\Component.cpp">
      <Filter>Source Files</Filter>
    </ClCompile>
    <ClCompile Include="src\scene_objects\TransformComponent.cpp">
      <Filter>Source Files</Filter>
    </ClCompile>
    <ClCompile Include="src\scene_objects\CameraComponent.cpp">
      <Filter>Source Files</Filter>
    </ClCompile>
    <ClCompile Include="src\scene_objects\MeshComponentBase.cpp">
      <Filter>Source Files</Filter>
    </ClCompile>
    <ClCompile Include="src\scene_objects\LightComponents.cpp">
      <Filter>Source Files</Filter>
    </ClCompile>
    <ClCompile Include="src\Resources\Texture2D.cpp">
      <Filter>Source Files</Filter>
    </ClCompile>
    <ClCompile Include="src\Resources\Cubemap.cpp">
      <Filter>Source Files</Filter>
    </ClCompile>
    <ClCompile Include="src\Util.cpp">
      <Filter>Source Files</Filter>
    </ClCompile>
    <ClCompile Include="src\Serialization.cpp">
      <Filter>Source Files</Filter>
    </ClCompile>
    <ClCompile Include="src\rendering\shadow_atlas.cpp">
      <Filter>Source Files</Filter>
    </ClCompile>
    <ClCompile Include="src\GridLike.cpp">
      <Filter>Source Files</Filter>
    </ClCompile>
    <ClCompile Include="src\rendering\Camera.cpp">
      <Filter>Source Files</Filter>
    </ClCompile>
    <ClCompile Include="src\rendering\punctual_shadow_atlas.cpp">
      <Filter>Source Files</Filter>
    </ClCompile>
    <ClCompile Include="src\rendering\render_target.cpp">
      <Filter>Source Files</Filter>
    </ClCompile>
    <ClCompile Include="src\ResourceManager.cpp">
      <Filter>Source Files</Filter>
    </ClCompile>
    <ClCompile Include="src\Resources\Resource.cpp">
      <Filter>Source Files</Filter>
    </ClCompile>
    <ClCompile Include="src\scene_objects\SceneObject.cpp">
      <Filter>Source Files</Filter>
    </ClCompile>
    <ClCompile Include="src\Math.cpp">
      <Filter>Source Files</Filter>
    </ClCompile>
    <ClCompile Include="src\GUI.cpp">
      <Filter>Source Files</Filter>
    </ClCompile>
    <ClCompile Include="src\rendering\directional_shadow_map_array.cpp">
      <Filter>Source Files</Filter>
    </ClCompile>
    <ClCompile Include="src\ExternalResource.cpp">
      <Filter>Source Files</Filter>
    </ClCompile>
    <ClCompile Include="src\FileIo.cpp">
      <Filter>Source Files</Filter>
    </ClCompile>
    <ClCompile Include="src\MemoryAllocation.cpp">
      <Filter>Source Files</Filter>
    </ClCompile>
    <ClCompile Include="src\rendering\scene_renderer.cpp">
      <Filter>Source Files</Filter>
    </ClCompile>
    <ClCompile Include="src\Window.cpp">
      <Filter>Source Files</Filter>
    </ClCompile>
    <ClCompile Include="src\WindowImpl.cpp">
      <Filter>Source Files</Filter>
    </ClCompile>
    <ClCompile Include="..\vendor\d3d12_memory_allocator\D3D12MemAlloc.cpp">
      <Filter>Source Files</Filter>
    </ClCompile>
    <ClCompile Include="src\rendering\graphics.cpp">
      <Filter>Source Files</Filter>
    </ClCompile>
    <ClCompile Include="src\rendering\render_manager.cpp">
      <Filter>Source Files</Filter>
    </ClCompile>
    <ClCompile Include="src\job_system.cpp">
      <Filter>Source Files</Filter>
    </ClCompile>
    <ClCompile Include="src\random.cpp">
      <Filter>Source Files</Filter>
    </ClCompile>
    <ClCompile Include="src\app.cpp">
      <Filter>Source Files</Filter>
    </ClCompile>
    <ClCompile Include="src\scene_objects\StaticMeshComponent.cpp">
      <Filter>Source Files</Filter>
    </ClCompile>
    <ClCompile Include="src\scene_objects\SkinnedMeshComponent.cpp">
      <Filter>Source Files</Filter>
    </ClCompile>
    <ClCompile Include="src\scene_objects\CameraControllerComponent.cpp">
      <Filter>Source Files</Filter>
    </ClCompile>
    <ClCompile Include="src\mesh_data.cpp">
      <Filter>Source Files</Filter>
    </ClCompile>
  </ItemGroup>
  <ItemGroup>
    <ClInclude Include="src\scene_objects\Entity.hpp">
      <Filter>Header Files</Filter>
    </ClInclude>
    <ClInclude Include="src\Core.hpp">
      <Filter>Header Files</Filter>
    </ClInclude>
    <ClInclude Include="src\Math.hpp">
      <Filter>Header Files</Filter>
    </ClInclude>
    <ClInclude Include="src\Color.hpp">
      <Filter>Header Files</Filter>
    </ClInclude>
    <ClInclude Include="src\Timing.hpp">
      <Filter>Header Files</Filter>
    </ClInclude>
    <ClInclude Include="src\Platform.hpp">
      <Filter>Header Files</Filter>
    </ClInclude>
    <ClInclude Include="src\Event.hpp">
      <Filter>Header Files</Filter>
    </ClInclude>
    <ClInclude Include="src\Util.hpp">
      <Filter>Header Files</Filter>
    </ClInclude>
    <ClInclude Include="src\Resources\Scene.hpp">
      <Filter>Header Files</Filter>
    </ClInclude>
    <ClInclude Include="src\Object.hpp">
      <Filter>Header Files</Filter>
    </ClInclude>
    <ClInclude Include="src\Bounds.hpp">
      <Filter>Header Files</Filter>
    </ClInclude>
    <ClInclude Include="src\Image.hpp">
      <Filter>Header Files</Filter>
    </ClInclude>
    <ClInclude Include="src\Resources\Material.hpp">
      <Filter>Header Files</Filter>
    </ClInclude>
    <ClInclude Include="src\Guid.hpp">
      <Filter>Header Files</Filter>
    </ClInclude>
    <ClInclude Include="src\Resources\Mesh.hpp">
      <Filter>Header Files</Filter>
    </ClInclude>
    <ClInclude Include="src\scene_objects\Component.hpp">
      <Filter>Header Files</Filter>
    </ClInclude>
    <ClInclude Include="src\scene_objects\TransformComponent.hpp">
      <Filter>Header Files</Filter>
    </ClInclude>
    <ClInclude Include="src\scene_objects\CameraComponent.hpp">
      <Filter>Header Files</Filter>
    </ClInclude>
    <ClInclude Include="src\scene_objects\StaticMeshComponent.hpp">
      <Filter>Header Files</Filter>
    </ClInclude>
    <ClInclude Include="src\scene_objects\LightComponents.hpp">
      <Filter>Header Files</Filter>
    </ClInclude>
    <ClInclude Include="src\Resources\Texture2D.hpp">
      <Filter>Header Files</Filter>
    </ClInclude>
    <ClInclude Include="src\scene_objects\SceneObject.hpp">
      <Filter>Header Files</Filter>
    </ClInclude>
    <ClInclude Include="src\Resources\Cubemap.hpp">
      <Filter>Header Files</Filter>
    </ClInclude>
    <ClInclude Include="src\rendering\shaders\shadow_filtering_modes.h">
      <Filter>Header Files</Filter>
    </ClInclude>
    <ClInclude Include="src\rendering\shadow_atlas.hpp">
      <Filter>Header Files</Filter>
    </ClInclude>
    <ClInclude Include="src\GridLike.hpp">
      <Filter>Header Files</Filter>
    </ClInclude>
    <ClInclude Include="src\rendering\Camera.hpp">
      <Filter>Header Files</Filter>
    </ClInclude>
    <ClInclude Include="src\rendering\punctual_shadow_atlas.hpp">
      <Filter>Header Files</Filter>
    </ClInclude>
    <ClInclude Include="src\rendering\render_target.hpp">
      <Filter>Header Files</Filter>
    </ClInclude>
    <ClInclude Include="src\rendering\structured_buffer.hpp">
      <Filter>Header Files</Filter>
    </ClInclude>
    <ClInclude Include="src\rendering\ShadowCascadeBoundary.hpp">
      <Filter>Header Files</Filter>
    </ClInclude>
    <ClInclude Include="src\ResourceManager.hpp">
      <Filter>Header Files</Filter>
    </ClInclude>
    <ClInclude Include="src\Resources\Resource.hpp">
      <Filter>Header Files</Filter>
    </ClInclude>
    <ClInclude Include="src\Reflection.hpp">
      <Filter>Header Files</Filter>
    </ClInclude>
    <ClInclude Include="src\Resources\NativeResource.hpp">
      <Filter>Header Files</Filter>
    </ClInclude>
    <ClInclude Include="src\GUI.hpp">
      <Filter>Header Files</Filter>
    </ClInclude>
    <ClInclude Include="src\Serialization.hpp">
      <Filter>Header Files</Filter>
    </ClInclude>
    <ClInclude Include="src\rendering\directional_shadow_map_array.hpp">
      <Filter>Header Files</Filter>
    </ClInclude>
    <ClInclude Include="src\ExternalResource.hpp">
      <Filter>Header Files</Filter>
    </ClInclude>
    <ClInclude Include="src\FileIo.hpp">
      <Filter>Header Files</Filter>
    </ClInclude>
    <ClInclude Include="src\MemoryAllocation.hpp">
      <Filter>Header Files</Filter>
    </ClInclude>
    <ClInclude Include="src\Pool.hpp">
      <Filter>Header Files</Filter>
    </ClInclude>
    <ClInclude Include="src\PoolAllocator.hpp">
      <Filter>Header Files</Filter>
    </ClInclude>
    <ClInclude Include="src\Window.hpp">
      <Filter>Header Files</Filter>
    </ClInclude>
    <ClInclude Include="src\WindowImpl.hpp">
      <Filter>Header Files</Filter>
    </ClInclude>
    <ClInclude Include="src\SkyMode.hpp">
      <Filter>Header Files</Filter>
    </ClInclude>
    <ClInclude Include="src\rendering\graphics.hpp">
      <Filter>Header Files</Filter>
    </ClInclude>
    <ClInclude Include="src\rendering\constant_buffer.hpp">
      <Filter>Header Files</Filter>
    </ClInclude>
    <ClInclude Include="src\rendering\render_manager.hpp">
      <Filter>Header Files</Filter>
    </ClInclude>
    <ClInclude Include="src\observer_ptr.hpp">
      <Filter>Header Files</Filter>
    </ClInclude>
    <ClInclude Include="src\rendering\scene_renderer.hpp">
      <Filter>Header Files</Filter>
    </ClInclude>
    <ClInclude Include="src\job_system.hpp">
      <Filter>Header Files</Filter>
    </ClInclude>
    <ClInclude Include="src\mutex.hpp">
      <Filter>Header Files</Filter>
    </ClInclude>
    <ClInclude Include="src\random.hpp">
      <Filter>Header Files</Filter>
    </ClInclude>
    <ClInclude Include="src\wsq.hpp">
      <Filter>Header Files</Filter>
    </ClInclude>
    <ClInclude Include="src\app.hpp">
      <Filter>Header Files</Filter>
    </ClInclude>
    <ClInclude Include="src\scene_objects\MeshComponentBase.hpp">
      <Filter>Header Files</Filter>
    </ClInclude>
    <ClInclude Include="src\scene_objects\SkinnedMeshComponent.hpp">
      <Filter>Header Files</Filter>
    </ClInclude>
    <ClInclude Include="src\scene_objects\CameraControllerComponent.hpp">
      <Filter>Header Files</Filter>
    </ClInclude>
    <ClInclude Include="src\mesh_data.hpp">
      <Filter>Header Files</Filter>
    </ClInclude>
  </ItemGroup>
  <ItemGroup>
    <None Include="vcpkg.json" />
    <None Include="src\rendering\shaders\shader_interop.h" />
    <None Include="src\rendering\shaders\brdf.hlsli" />
    <None Include="src\rendering\shaders\shadow_sampling.hlsli" />
    <None Include="src\rendering\shaders\utility.hlsli" />
    <None Include="src\rendering\shaders\skybox.hlsli" />
    <None Include="src\rendering\shaders\object_pbr.hlsli" />
    <None Include="src\rendering\shaders\gizmos.hlsli" />
    <None Include="src\rendering\shaders\post_process.hlsli" />
    <None Include="src\rendering\shaders\ssao.hlsli" />
    <None Include="src\rendering\shaders\common.hlsli" />
    <None Include="src\rendering\shaders\depth_normal.hlsli" />
    <None Include="src\rendering\shaders\depth_only.hlsli" />
    <None Include="src\rendering\structured_buffer.inl">
      <Filter>Header Files</Filter>
    </None>
    <None Include="src\job_system.inl">
      <Filter>Header Files</Filter>
    </None>
    <None Include="src\object.inl">
      <Filter>Header Files</Filter>
    </None>
    <None Include="src\resources\native_resource.inl">
      <Filter>Header Files</Filter>
    </None>
    <None Include="src\scene_objects\entity.inl">
      <Filter>Header Files</Filter>
    </None>
    <None Include="src\resource_manager.inl">
      <Filter>Header Files</Filter>
    </None>
    <None Include="packages.config" />
    <None Include="src\rendering\shaders\lighting.hlsli" />
    <None Include="src\rendering\shaders\mesh_shader_core.hlsli" />
  </ItemGroup>
  <ItemGroup>
    <FxCompile Include="src\rendering\shaders\post_process_ps.hlsl" />
    <FxCompile Include="src\rendering\shaders\skybox_vs.hlsl" />
    <FxCompile Include="src\rendering\shaders\skybox_ps.hlsl" />
    <FxCompile Include="src\rendering\shaders\depth_only_vs.hlsl" />
    <FxCompile Include="src\rendering\shaders\post_process_vs.hlsl" />
    <FxCompile Include="src\rendering\shaders\gizmos_line_vs.hlsl" />
    <FxCompile Include="src\rendering\shaders\gizmos_ps.hlsl" />
    <FxCompile Include="src\rendering\shaders\depth_only_ps.hlsl" />
    <FxCompile Include="src\rendering\shaders\depth_normal_ps.hlsl" />
    <FxCompile Include="src\rendering\shaders\depth_normal_vs.hlsl" />
    <FxCompile Include="src\rendering\shaders\ssao_blur_ps.hlsl" />
    <FxCompile Include="src\rendering\shaders\ssao_main_ps.hlsl" />
    <FxCompile Include="src\rendering\shaders\depth_resolve_cs.hlsl" />
    <FxCompile Include="src\rendering\shaders\object_pbr_ms.hlsl" />
    <FxCompile Include="src\rendering\shaders\object_pbr_ps.hlsl" />
    <FxCompile Include="src\rendering\shaders\ssao_vs.hlsl" />
    <FxCompile Include="src\rendering\shaders\vtx_skinning_cs.hlsl" />
  </ItemGroup>
</Project>