
Microsoft Visual Studio Solution File, Format Version 12.00
# Visual Studio Version 17
VisualStudioVersion = 17.0.32112.339
MinimumVisualStudioVersion = 10.0.40219.1
Project("{8BC9CEB8-8B4A-11D0-8D11-00A0C91BC942}") = "Demo", "Demo\Demo.vcxproj", "{FF07732F-0F49-4B4D-9444-0B6C503AE511}"
EndProject
Project("{8BC9CEB8-8B4A-11D0-8D11-00A0C91BC942}") = "Editor", "Engine\projects\Editor\Editor.vcxproj", "{C25EFA86-F3B2-452C-9A0C-1BD4DA533296}"
	ProjectSection(ProjectDependencies) = postProject
		{03803A6B-9F79-4245-936D-059A695AA449} = {03803A6B-9F79-4245-936D-059A695AA449}
	EndProjectSection
EndProject
Project("{8BC9CEB8-8B4A-11D0-8D11-00A0C91BC942}") = "Runtime", "Engine\projects\Runtime\Runtime.vcxproj", "{03803A6B-9F79-4245-936D-059A695AA449}"
EndProject
Project("{8BC9CEB8-8B4A-11D0-8D11-00A0C91BC942}") = "Common", "Engine\projects\Common\Common.vcxproj", "{73B150F6-E1E9-4FA7-9E8D-761DB95DC7BC}"
EndProject
Project("{8BC9CEB8-8B4A-11D0-8D11-00A0C91BC942}") = "Test", "Engine\projects\Test\Test.vcxproj", "{CC705A67-8B05-45AF-A560-9B9FE842A7E9}"
	ProjectSection(ProjectDependencies) = postProject
		{60A69D92-FA99-4F5C-804C-1DFF2CE460AD} = {60A69D92-FA99-4F5C-804C-1DFF2CE460AD}
		{FBD9532A-EE08-4991-B417-FD897AE7F97C} = {FBD9532A-EE08-4991-B417-FD897AE7F97C}
	EndProjectSection
EndProject
Project("{8BC9CEB8-8B4A-11D0-8D11-00A0C91BC942}") = "RuntimeNative", "Engine\projects\RuntimeNative\RuntimeNative.vcxproj", "{60A69D92-FA99-4F5C-804C-1DFF2CE460AD}"
EndProject
Project("{9A19103F-16F7-4668-BE54-9A1E7A4F7556}") = "RuntimeManaged", "Engine\projects\RuntimeManaged\RuntimeManaged.csproj", "{FBD9532A-EE08-4991-B417-FD897AE7F97C}"
	ProjectSection(ProjectDependencies) = postProject
		{60A69D92-FA99-4F5C-804C-1DFF2CE460AD} = {60A69D92-FA99-4F5C-804C-1DFF2CE460AD}
	EndProjectSection
EndProject
Global
	GlobalSection(SolutionConfigurationPlatforms) = preSolution
		Debug|x64 = Debug|x64
		Release|x64 = Release|x64
	EndGlobalSection
	GlobalSection(ProjectConfigurationPlatforms) = postSolution
		{FF07732F-0F49-4B4D-9444-0B6C503AE511}.Debug|x64.ActiveCfg = Debug|x64
		{FF07732F-0F49-4B4D-9444-0B6C503AE511}.Debug|x64.Build.0 = Debug|x64
		{FF07732F-0F49-4B4D-9444-0B6C503AE511}.Release|x64.ActiveCfg = Release|x64
		{FF07732F-0F49-4B4D-9444-0B6C503AE511}.Release|x64.Build.0 = Release|x64
		{C25EFA86-F3B2-452C-9A0C-1BD4DA533296}.Debug|x64.ActiveCfg = Debug|x64
		{C25EFA86-F3B2-452C-9A0C-1BD4DA533296}.Debug|x64.Build.0 = Debug|x64
		{C25EFA86-F3B2-452C-9A0C-1BD4DA533296}.Release|x64.ActiveCfg = Release|x64
		{C25EFA86-F3B2-452C-9A0C-1BD4DA533296}.Release|x64.Build.0 = Release|x64
		{03803A6B-9F79-4245-936D-059A695AA449}.Debug|x64.ActiveCfg = Debug|x64
		{03803A6B-9F79-4245-936D-059A695AA449}.Debug|x64.Build.0 = Debug|x64
		{03803A6B-9F79-4245-936D-059A695AA449}.Release|x64.ActiveCfg = Release|x64
		{03803A6B-9F79-4245-936D-059A695AA449}.Release|x64.Build.0 = Release|x64
		{73B150F6-E1E9-4FA7-9E8D-761DB95DC7BC}.Debug|x64.ActiveCfg = Debug|x64
		{73B150F6-E1E9-4FA7-9E8D-761DB95DC7BC}.Debug|x64.Build.0 = Debug|x64
		{73B150F6-E1E9-4FA7-9E8D-761DB95DC7BC}.Release|x64.ActiveCfg = Release|x64
		{73B150F6-E1E9-4FA7-9E8D-761DB95DC7BC}.Release|x64.Build.0 = Release|x64
		{CC705A67-8B05-45AF-A560-9B9FE842A7E9}.Debug|x64.ActiveCfg = Debug|x64
		{CC705A67-8B05-45AF-A560-9B9FE842A7E9}.Debug|x64.Build.0 = Debug|x64
		{CC705A67-8B05-45AF-A560-9B9FE842A7E9}.Release|x64.ActiveCfg = Release|x64
		{CC705A67-8B05-45AF-A560-9B9FE842A7E9}.Release|x64.Build.0 = Release|x64
		{60A69D92-FA99-4F5C-804C-1DFF2CE460AD}.Debug|x64.ActiveCfg = Debug|x64
		{60A69D92-FA99-4F5C-804C-1DFF2CE460AD}.Debug|x64.Build.0 = Debug|x64
		{60A69D92-FA99-4F5C-804C-1DFF2CE460AD}.Release|x64.ActiveCfg = Release|x64
		{60A69D92-FA99-4F5C-804C-1DFF2CE460AD}.Release|x64.Build.0 = Release|x64
		{FBD9532A-EE08-4991-B417-FD897AE7F97C}.Debug|x64.ActiveCfg = Debug|Any CPU
		{FBD9532A-EE08-4991-B417-FD897AE7F97C}.Debug|x64.Build.0 = Debug|Any CPU
		{FBD9532A-EE08-4991-B417-FD897AE7F97C}.Release|x64.ActiveCfg = Release|Any CPU
		{FBD9532A-EE08-4991-B417-FD897AE7F97C}.Release|x64.Build.0 = Release|Any CPU
	EndGlobalSection
	GlobalSection(SolutionProperties) = preSolution
		HideSolutionNode = FALSE
	EndGlobalSection
	GlobalSection(ExtensibilityGlobals) = postSolution
		SolutionGuid = {5296D7E2-257A-4DBF-93C8-817EA6C0CB45}
	EndGlobalSection
EndGlobal
