
Microsoft Visual Studio Solution File, Format Version 12.00
# Visual Studio Version 17
VisualStudioVersion = 17.0.32112.339
MinimumVisualStudioVersion = 10.0.40219.1
Project("{8BC9CEB8-8B4A-11D0-8D11-00A0C91BC942}") = "ShaderParser", "Engine\deps\ShaderParser\ShaderParser.vcxproj", "{1422D73A-FE9C-4FC9-BC03-DC863C0D2B28}"
EndProject
Project("{8BC9CEB8-8B4A-11D0-8D11-00A0C91BC942}") = "LeopphUtils", "Engine\projects\LeopphUtils\LeopphUtils.vcxproj", "{6C46CC3C-26FF-4A24-A480-1639D8301117}"
EndProject
Project("{8BC9CEB8-8B4A-11D0-8D11-00A0C91BC942}") = "LeopphverterLib", "Engine\projects\LeopphverterLib\LeopphverterLib.vcxproj", "{23E4C965-BA88-472D-97F9-C9A2C07FC076}"
EndProject
Project("{8BC9CEB8-8B4A-11D0-8D11-00A0C91BC942}") = "LeopphEngine", "Engine\projects\LeopphEngine\LeopphEngine.vcxproj", "{03803A6B-9F79-4245-936D-059A695AA449}"
EndProject
Project("{8BC9CEB8-8B4A-11D0-8D11-00A0C91BC942}") = "Client", "Client\Client.vcxproj", "{FF07732F-0F49-4B4D-9444-0B6C503AE511}"
EndProject
Global
	GlobalSection(SolutionConfigurationPlatforms) = preSolution
		Debug_Asan|x64 = Debug_Asan|x64
		Debug_Asan|x86 = Debug_Asan|x86
		Debug|x64 = Debug|x64
		Debug|x86 = Debug|x86
		Release|x64 = Release|x64
		Release|x86 = Release|x86
	EndGlobalSection
	GlobalSection(ProjectConfigurationPlatforms) = postSolution
		{1422D73A-FE9C-4FC9-BC03-DC863C0D2B28}.Debug_Asan|x64.ActiveCfg = Debug_Asan|x64
		{1422D73A-FE9C-4FC9-BC03-DC863C0D2B28}.Debug_Asan|x64.Build.0 = Debug_Asan|x64
		{1422D73A-FE9C-4FC9-BC03-DC863C0D2B28}.Debug_Asan|x86.ActiveCfg = Debug_Asan|x64
		{1422D73A-FE9C-4FC9-BC03-DC863C0D2B28}.Debug_Asan|x86.Build.0 = Debug_Asan|x64
		{1422D73A-FE9C-4FC9-BC03-DC863C0D2B28}.Debug|x64.ActiveCfg = Debug|x64
		{1422D73A-FE9C-4FC9-BC03-DC863C0D2B28}.Debug|x64.Build.0 = Debug|x64
		{1422D73A-FE9C-4FC9-BC03-DC863C0D2B28}.Debug|x86.ActiveCfg = Debug|x64
		{1422D73A-FE9C-4FC9-BC03-DC863C0D2B28}.Debug|x86.Build.0 = Debug|x64
		{1422D73A-FE9C-4FC9-BC03-DC863C0D2B28}.Release|x64.ActiveCfg = Release|x64
		{1422D73A-FE9C-4FC9-BC03-DC863C0D2B28}.Release|x64.Build.0 = Release|x64
		{1422D73A-FE9C-4FC9-BC03-DC863C0D2B28}.Release|x86.ActiveCfg = Release|x64
		{1422D73A-FE9C-4FC9-BC03-DC863C0D2B28}.Release|x86.Build.0 = Release|x64
		{6C46CC3C-26FF-4A24-A480-1639D8301117}.Debug_Asan|x64.ActiveCfg = Debug|x64
		{6C46CC3C-26FF-4A24-A480-1639D8301117}.Debug_Asan|x64.Build.0 = Debug|x64
		{6C46CC3C-26FF-4A24-A480-1639D8301117}.Debug_Asan|x86.ActiveCfg = Debug|Win32
		{6C46CC3C-26FF-4A24-A480-1639D8301117}.Debug_Asan|x86.Build.0 = Debug|Win32
		{6C46CC3C-26FF-4A24-A480-1639D8301117}.Debug|x64.ActiveCfg = Debug|x64
		{6C46CC3C-26FF-4A24-A480-1639D8301117}.Debug|x64.Build.0 = Debug|x64
		{6C46CC3C-26FF-4A24-A480-1639D8301117}.Debug|x86.ActiveCfg = Debug|Win32
		{6C46CC3C-26FF-4A24-A480-1639D8301117}.Debug|x86.Build.0 = Debug|Win32
		{6C46CC3C-26FF-4A24-A480-1639D8301117}.Release|x64.ActiveCfg = Release|x64
		{6C46CC3C-26FF-4A24-A480-1639D8301117}.Release|x64.Build.0 = Release|x64
		{6C46CC3C-26FF-4A24-A480-1639D8301117}.Release|x86.ActiveCfg = Release|Win32
		{6C46CC3C-26FF-4A24-A480-1639D8301117}.Release|x86.Build.0 = Release|Win32
		{23E4C965-BA88-472D-97F9-C9A2C07FC076}.Debug_Asan|x64.ActiveCfg = Debug|x64
		{23E4C965-BA88-472D-97F9-C9A2C07FC076}.Debug_Asan|x64.Build.0 = Debug|x64
		{23E4C965-BA88-472D-97F9-C9A2C07FC076}.Debug_Asan|x86.ActiveCfg = Debug|Win32
		{23E4C965-BA88-472D-97F9-C9A2C07FC076}.Debug_Asan|x86.Build.0 = Debug|Win32
		{23E4C965-BA88-472D-97F9-C9A2C07FC076}.Debug|x64.ActiveCfg = Debug|x64
		{23E4C965-BA88-472D-97F9-C9A2C07FC076}.Debug|x64.Build.0 = Debug|x64
		{23E4C965-BA88-472D-97F9-C9A2C07FC076}.Debug|x86.ActiveCfg = Debug|Win32
		{23E4C965-BA88-472D-97F9-C9A2C07FC076}.Debug|x86.Build.0 = Debug|Win32
		{23E4C965-BA88-472D-97F9-C9A2C07FC076}.Release|x64.ActiveCfg = Release|x64
		{23E4C965-BA88-472D-97F9-C9A2C07FC076}.Release|x64.Build.0 = Release|x64
		{23E4C965-BA88-472D-97F9-C9A2C07FC076}.Release|x86.ActiveCfg = Release|Win32
		{23E4C965-BA88-472D-97F9-C9A2C07FC076}.Release|x86.Build.0 = Release|Win32
		{03803A6B-9F79-4245-936D-059A695AA449}.Debug_Asan|x64.ActiveCfg = Debug_Asan|x64
		{03803A6B-9F79-4245-936D-059A695AA449}.Debug_Asan|x64.Build.0 = Debug_Asan|x64
		{03803A6B-9F79-4245-936D-059A695AA449}.Debug_Asan|x86.ActiveCfg = Debug_Asan|x64
		{03803A6B-9F79-4245-936D-059A695AA449}.Debug_Asan|x86.Build.0 = Debug_Asan|x64
		{03803A6B-9F79-4245-936D-059A695AA449}.Debug|x64.ActiveCfg = Debug|x64
		{03803A6B-9F79-4245-936D-059A695AA449}.Debug|x64.Build.0 = Debug|x64
		{03803A6B-9F79-4245-936D-059A695AA449}.Debug|x86.ActiveCfg = Debug|x64
		{03803A6B-9F79-4245-936D-059A695AA449}.Debug|x86.Build.0 = Debug|x64
		{03803A6B-9F79-4245-936D-059A695AA449}.Release|x64.ActiveCfg = Release|x64
		{03803A6B-9F79-4245-936D-059A695AA449}.Release|x64.Build.0 = Release|x64
		{03803A6B-9F79-4245-936D-059A695AA449}.Release|x86.ActiveCfg = Release|x64
		{03803A6B-9F79-4245-936D-059A695AA449}.Release|x86.Build.0 = Release|x64
		{FF07732F-0F49-4B4D-9444-0B6C503AE511}.Debug_Asan|x64.ActiveCfg = Debug_Asan|x64
		{FF07732F-0F49-4B4D-9444-0B6C503AE511}.Debug_Asan|x64.Build.0 = Debug_Asan|x64
		{FF07732F-0F49-4B4D-9444-0B6C503AE511}.Debug_Asan|x86.ActiveCfg = Debug_Asan|x64
		{FF07732F-0F49-4B4D-9444-0B6C503AE511}.Debug_Asan|x86.Build.0 = Debug_Asan|x64
		{FF07732F-0F49-4B4D-9444-0B6C503AE511}.Debug|x64.ActiveCfg = Debug|x64
		{FF07732F-0F49-4B4D-9444-0B6C503AE511}.Debug|x64.Build.0 = Debug|x64
		{FF07732F-0F49-4B4D-9444-0B6C503AE511}.Debug|x86.ActiveCfg = Debug|x64
		{FF07732F-0F49-4B4D-9444-0B6C503AE511}.Debug|x86.Build.0 = Debug|x64
		{FF07732F-0F49-4B4D-9444-0B6C503AE511}.Release|x64.ActiveCfg = Release|x64
		{FF07732F-0F49-4B4D-9444-0B6C503AE511}.Release|x64.Build.0 = Release|x64
		{FF07732F-0F49-4B4D-9444-0B6C503AE511}.Release|x86.ActiveCfg = Release|x64
		{FF07732F-0F49-4B4D-9444-0B6C503AE511}.Release|x86.Build.0 = Release|x64
	EndGlobalSection
	GlobalSection(SolutionProperties) = preSolution
		HideSolutionNode = FALSE
	EndGlobalSection
	GlobalSection(ExtensibilityGlobals) = postSolution
		SolutionGuid = {5296D7E2-257A-4DBF-93C8-817EA6C0CB45}
	EndGlobalSection
EndGlobal
