<?xml version="1.0" encoding="utf-8"?>
<Project ToolsVersion="4.0" xmlns="http://schemas.microsoft.com/developer/msbuild/2003">
  <ItemGroup>
    <Filter Include="Source Files">
      <UniqueIdentifier>{4FC737F1-C7A5-4376-A066-2A32D752A2FF}</UniqueIdentifier>
      <Extensions>cpp;c;cc;cxx;c++;cppm;ixx;def;odl;idl;hpj;bat;asm;asmx</Extensions>
    </Filter>
    <Filter Include="Header Files">
      <UniqueIdentifier>{93995380-89BD-4b04-88EB-625FBE52EBFB}</UniqueIdentifier>
      <Extensions>h;hh;hpp;hxx;h++;hm;inl;inc;ipp;xsd</Extensions>
    </Filter>
    <Filter Include="Resource Files">
      <UniqueIdentifier>{67DA6AB6-F800-4c08-8B7A-83BB121AAD01}</UniqueIdentifier>
      <Extensions>rc;ico;cur;bmp;dlg;rc2;rct;bin;rgs;gif;jpg;jpeg;jpe;resx;tiff;tif;png;wav;mfcribbon-ms</Extensions>
    </Filter>
  </ItemGroup>
  <ItemGroup>
    <ClCompile Include="src\Main.cpp">
      <Filter>Source Files</Filter>
    </ClCompile>
    <ClCompile Include="src\Widgets.cpp">
      <Filter>Source Files</Filter>
    </ClCompile>
    <ClCompile Include="src\Asset.cpp">
      <Filter>Source Files</Filter>
    </ClCompile>
    <ClCompile Include="src\AssetLoaders\MeshLoader.cpp">
      <Filter>Source Files</Filter>
    </ClCompile>
    <ClCompile Include="src\AssetLoaders\Texture2DLoader.cpp">
      <Filter>Source Files</Filter>
    </ClCompile>
    <ClCompile Include="src\AssetLoaders\MaterialLoader.cpp">
      <Filter>Source Files</Filter>
    </ClCompile>
    <ClCompile Include="src\ObjectWrappers\ObjectWrapperManager.cpp">
      <Filter>Source Files</Filter>
    </ClCompile>
    <ClCompile Include="src\AssetLoaders\SceneLoader.cpp">
      <Filter>Source Files</Filter>
    </ClCompile>
    <ClCompile Include="src\EditorContext.cpp">
      <Filter>Source Files</Filter>
    </ClCompile>
    <ClCompile Include="src\ResourceManager.cpp">
      <Filter>Source Files</Filter>
    </ClCompile>
    <ClCompile Include="src\AssetLoaders\CubemapLoader.cpp">
      <Filter>Source Files</Filter>
    </ClCompile>
    <ClCompile Include="src\EditorCamera.cpp">
      <Filter>Source Files</Filter>
    </ClCompile>
    <ClCompile Include="src\StartupScreen.cpp">
      <Filter>Source Files</Filter>
    </ClCompile>
    <ClCompile Include="src\MainMenuBar.cpp">
      <Filter>Source Files</Filter>
    </ClCompile>
    <ClCompile Include="src\EntityHierarchyWindow.cpp">
      <Filter>Source Files</Filter>
    </ClCompile>
    <ClCompile Include="src\ObjectPropertiesWindow.cpp">
      <Filter>Source Files</Filter>
    </ClCompile>
    <ClCompile Include="src\GameViewWindow.cpp">
      <Filter>Source Files</Filter>
    </ClCompile>
    <ClCompile Include="src\SceneViewWindow.cpp">
      <Filter>Source Files</Filter>
    </ClCompile>
    <ClCompile Include="src\ProjectWindow.cpp">
      <Filter>Source Files</Filter>
    </ClCompile>
    <ClCompile Include="src\OpenScenePrompt.cpp">
      <Filter>Source Files</Filter>
    </ClCompile>
    <ClCompile Include="src\PerformanceCounterWindow.cpp">
      <Filter>Source Files</Filter>
    </ClCompile>
    <ClCompile Include="src\ImGuiIntegration.cpp">
      <Filter>Source Files</Filter>
    </ClCompile>
    <ClCompile Include="src\LoadingScreen.cpp">
      <Filter>Source Files</Filter>
    </ClCompile>
    <ClCompile Include="src\ProjectSettingsWindow.cpp">
      <Filter>Source Files</Filter>
    </ClCompile>
    <ClCompile Include="src\EditorSettingsWindow.cpp">
      <Filter>Source Files</Filter>
    </ClCompile>
    <ClCompile Include="src\ObjectWrappers\BehaviorWrapper.cpp">
      <Filter>Source Files</Filter>
    </ClCompile>
    <ClCompile Include="src\ObjectWrappers\CameraWrapper.cpp">
      <Filter>Source Files</Filter>
    </ClCompile>
    <ClCompile Include="src\ObjectWrappers\StaticMeshWrapper.cpp">
      <Filter>Source Files</Filter>
    </ClCompile>
    <ClCompile Include="src\ObjectWrappers\EntityWrapper.cpp">
      <Filter>Source Files</Filter>
    </ClCompile>
    <ClCompile Include="src\ObjectWrappers\LightWrapper.cpp">
      <Filter>Source Files</Filter>
    </ClCompile>
    <ClCompile Include="src\ObjectWrappers\MaterialWrapper.cpp">
      <Filter>Source Files</Filter>
    </ClCompile>
    <ClCompile Include="src\ObjectWrappers\TransformWrapper.cpp">
      <Filter>Source Files</Filter>
    </ClCompile>
    <ClCompile Include="src\ObjectWrappers\MeshWrapper.cpp">
      <Filter>Source Files</Filter>
    </ClCompile>
    <ClCompile Include="src\ObjectWrappers\Texture2DWrapper.cpp">
      <Filter>Source Files</Filter>
    </ClCompile>
    <ClCompile Include="src\ObjectWrappers\SceneWrapper.cpp">
      <Filter>Source Files</Filter>
    </ClCompile>
    <ClCompile Include="src\ObjectWrappers\SkyboxWrapper.cpp">
      <Filter>Source Files</Filter>
    </ClCompile>
    <ClCompile Include="src\ObjectWrappers\CubemapWrapper.cpp">
      <Filter>Source Files</Filter>
    </ClCompile>
  </ItemGroup>
  <ItemGroup>
    <None Include="vcpkg.json" />
  </ItemGroup>
  <ItemGroup>
    <ClInclude Include="src\Widgets.hpp">
      <Filter>Header Files</Filter>
    </ClInclude>
    <ClInclude Include="src\Asset.hpp">
      <Filter>Header Files</Filter>
    </ClInclude>
    <ClInclude Include="src\ObjectWrappers\ObjectWrapperManager.hpp">
      <Filter>Header Files</Filter>
    </ClInclude>
    <ClInclude Include="src\ObjectWrappers\ObjectWrappers.hpp">
      <Filter>Header Files</Filter>
    </ClInclude>
    <ClInclude Include="src\AssetLoaders\MeshLoader.hpp">
      <Filter>Header Files</Filter>
    </ClInclude>
    <ClInclude Include="src\AssetLoaders\Texture2DLoader.hpp">
      <Filter>Header Files</Filter>
    </ClInclude>
    <ClInclude Include="src\AssetLoaders\AssetLoader.hpp">
      <Filter>Header Files</Filter>
    </ClInclude>
    <ClInclude Include="src\AssetLoaders\MaterialLoader.hpp">
      <Filter>Header Files</Filter>
    </ClInclude>
    <ClInclude Include="src\ResourceManager.hpp">
      <Filter>Header Files</Filter>
    </ClInclude>
    <ClInclude Include="src\AssetLoaders\SceneLoader.hpp">
      <Filter>Header Files</Filter>
    </ClInclude>
    <ClInclude Include="src\EditorContext.hpp">
      <Filter>Header Files</Filter>
    </ClInclude>
    <ClInclude Include="src\AssetLoaders\CubemapLoader.hpp">
      <Filter>Header Files</Filter>
    </ClInclude>
    <ClInclude Include="src\EditorCamera.hpp">
      <Filter>Header Files</Filter>
    </ClInclude>
    <ClInclude Include="src\StartupScreen.hpp">
      <Filter>Header Files</Filter>
    </ClInclude>
    <ClInclude Include="src\MainMenuBar.hpp">
      <Filter>Header Files</Filter>
    </ClInclude>
    <ClInclude Include="src\EntityHierarchyWindow.hpp">
      <Filter>Header Files</Filter>
    </ClInclude>
    <ClInclude Include="src\ObjectPropertiesWindow.hpp">
      <Filter>Header Files</Filter>
    </ClInclude>
    <ClInclude Include="src\GameViewWindow.hpp">
      <Filter>Header Files</Filter>
    </ClInclude>
    <ClInclude Include="src\SceneViewWindow.hpp">
      <Filter>Header Files</Filter>
    </ClInclude>
    <ClInclude Include="src\ProjectWindow.hpp">
      <Filter>Header Files</Filter>
    </ClInclude>
    <ClInclude Include="src\OpenScenePrompt.hpp">
      <Filter>Header Files</Filter>
    </ClInclude>
    <ClInclude Include="src\PerformanceCounterWindow.hpp">
      <Filter>Header Files</Filter>
    </ClInclude>
    <ClInclude Include="src\ImGuiIntegration.hpp">
      <Filter>Header Files</Filter>
    </ClInclude>
    <ClInclude Include="src\LoadingScreen.hpp">
      <Filter>Header Files</Filter>
    </ClInclude>
    <ClInclude Include="src\ProjectSettingsWindow.hpp">
      <Filter>Header Files</Filter>
    </ClInclude>
    <ClInclude Include="src\EditorSettingsWindow.hpp">
      <Filter>Header Files</Filter>
    </ClInclude>
  </ItemGroup>
</Project>