<?xml version="1.0" encoding="utf-8"?>
<Project ToolsVersion="4.0" xmlns="http://schemas.microsoft.com/developer/msbuild/2003">
  <ItemGroup>
    <ClCompile Include="..\deps\vendor\glad\src\gl.c" />
    <ClCompile Include="src\components\AttenuatedLight.cpp" />
    <ClCompile Include="src\components\Behavior.cpp" />
    <ClCompile Include="src\components\Camera.cpp" />
    <ClCompile Include="src\components\Component.cpp" />
    <ClCompile Include="src\components\Cube.cpp" />
    <ClCompile Include="src\components\DirectionalLight.cpp" />
    <ClCompile Include="src\components\ImageSprite.cpp" />
    <ClCompile Include="src\components\Light.cpp" />
    <ClCompile Include="src\components\StaticModelComponent.cpp" />
    <ClCompile Include="src\components\OrthographicCamera.cpp" />
    <ClCompile Include="src\components\PerspectiveCamera.cpp" />
    <ClCompile Include="src\components\PointLight.cpp" />
    <ClCompile Include="src\components\StaticMeshComponent.cpp" />
    <ClCompile Include="src\rendering\Skybox.cpp" />
    <ClCompile Include="src\components\SpotLight.cpp" />
    <ClCompile Include="src\data\DataManager.cpp" />
    <ClCompile Include="src\data\Poelo.cpp" />
    <ClCompile Include="src\events\Event.cpp" />
    <ClCompile Include="src\events\EventManager.cpp" />
    <ClCompile Include="src\events\KeyEvent.cpp" />
    <ClCompile Include="src\events\MouseEvent.cpp" />
    <ClCompile Include="src\rendering\GlCore.cpp" />
    <ClCompile Include="src\rendering\Texture2D.cpp" />
    <ClCompile Include="src\rendering\Renderer.cpp" />
    <ClCompile Include="src\rendering\Shader.cpp" />
    <ClCompile Include="src\scene\Scene.cpp" />
    <ClCompile Include="src\scene\SceneManager.cpp" />
    <ClCompile Include="src\threading\JobSystem.cpp" />
    <ClCompile Include="src\threading\SpinLock.cpp" />
    <ClCompile Include="src\timing\Time.cpp" />
    <ClCompile Include="src\timing\TimeImpl.cpp" />
    <ClCompile Include="src\util\api_adapters\GLFWAdapter.cpp" />
    <ClCompile Include="src\util\less\PoeloLess.cpp" />
    <ClCompile Include="src\AmbientLight.cpp" />
    <ClCompile Include="src\Context.cpp" />
    <ClCompile Include="src\scene\Entity.cpp" />
    <ClCompile Include="src\Exit.cpp" />
    <ClCompile Include="src\Input.cpp" />
    <ClCompile Include="src\Main.cpp" />
    <ClCompile Include="src\rendering\RenderSettings.cpp" />
    <ClCompile Include="src\rendering\StaticMesh.cpp" />
    <ClCompile Include="src\rendering\CubeMesh.cpp" />
    <ClCompile Include="src\rendering\QuadMesh.cpp" />
    <ClCompile Include="src\rendering\PersistentMappedBuffer.cpp" />
    <ClCompile Include="src\rendering\StaticMaterial.cpp" />
    <ClCompile Include="src\Window.cpp" />
    <ClCompile Include="src\events\WindowEvent.cpp" />
  </ItemGroup>
  <ItemGroup>
    <ClInclude Include="src\data\DataManager.hpp" />
    <ClInclude Include="include\rendering\gl\GlMesh.hpp" />
    <ClInclude Include="include\rendering\gl\GlCore.hpp" />
    <ClInclude Include="include\rendering\renderers\GlDeferredRenderer.hpp" />
    <ClInclude Include="include\rendering\renderers\GlForwardRenderer.hpp" />
    <ClInclude Include="include\rendering\renderers\GlRenderer.hpp" />
    <ClInclude Include="include\rendering\renderers\Renderer.hpp" />
    <ClInclude Include="src\threading\Job.hpp" />
    <ClInclude Include="src\threading\JobSystem.hpp" />
    <ClInclude Include="src\threading\SpinLock.hpp" />
    <ClInclude Include="src\timing\TimeImpl.hpp" />
    <ClInclude Include="src\util\api_adapters\GLFWAdapter.hpp" />
    <ClInclude Include="src\util\less\PoeloLess.hpp" />
    <ClInclude Include="include\rendering\gl\GlMeshGroup.hpp" />
    <ClInclude Include="include\rendering\RenderObject.hpp" />
    <ClInclude Include="include\rendering\Extent.hpp" />
    <ClInclude Include="include\rendering\ShaderCommon.hpp" />
    <ClInclude Include="include\rendering\ShaderFamily.hpp" />
    <ClInclude Include="include\rendering\ShaderProcessing.hpp" />
    <ClInclude Include="include\rendering\RenderSettings.hpp" />
    <ClInclude Include="include\rendering\gl\GlSkyboxImpl.hpp" />
    <ClInclude Include="include\rendering\gl\GlBufferObject.hpp" />
    <ClInclude Include="include\rendering\gl\GlVertexArrayObject.hpp" />
    <ClInclude Include="include\rendering\ShaderProgram.hpp" />
    <ClInclude Include="..\include\AmbientLight.hpp" />
    <ClInclude Include="..\include\AttenuatedLight.hpp" />
    <ClInclude Include="..\include\Behavior.hpp" />
    <ClInclude Include="..\include\Camera.hpp" />
    <ClInclude Include="..\include\Component.hpp" />
    <ClInclude Include="..\include\Context.hpp" />
    <ClInclude Include="..\include\Cube.hpp" />
    <ClInclude Include="..\include\CursorState.hpp" />
    <ClInclude Include="..\include\DirectionalLight.hpp" />
    <ClInclude Include="..\include\Entity.hpp" />
    <ClInclude Include="..\include\Entry.hpp" />
    <ClInclude Include="..\include\Event.hpp" />
    <ClInclude Include="..\include\EventManager.hpp" />
    <ClInclude Include="..\include\EventReceiver.hpp" />
    <ClInclude Include="..\include\EventReceiverBase.hpp" />
    <ClInclude Include="..\include\EventReceiverHandle.hpp" />
    <ClInclude Include="..\include\Exit.hpp" />
    <ClInclude Include="..\include\FrameCompleteEvent.hpp" />
    <ClInclude Include="..\include\Frustum.hpp" />
    <ClInclude Include="..\include\Texture2D.hpp" />
    <ClInclude Include="..\include\ImageSprite.hpp" />
    <ClInclude Include="..\include\Input.hpp" />
    <ClInclude Include="..\include\KeyCode.hpp" />
    <ClInclude Include="..\include\KeyEvent.hpp" />
    <ClInclude Include="..\include\KeyState.hpp" />
    <ClInclude Include="..\include\Leopph.hpp" />
    <ClInclude Include="..\include\LeopphApi.hpp" />
    <ClInclude Include="..\include\Light.hpp" />
    <ClInclude Include="..\include\Main.hpp" />
    <ClInclude Include="..\include\StaticModelComponent.hpp" />
    <ClInclude Include="..\include\MouseEvent.hpp" />
    <ClInclude Include="..\include\OrthographicCamera.hpp" />
    <ClInclude Include="..\include\PerspectiveCamera.hpp" />
    <ClInclude Include="..\include\Poelo.hpp" />
    <ClInclude Include="..\include\PointLight.hpp" />
    <ClInclude Include="..\include\StaticMeshComponent.hpp" />
    <ClInclude Include="..\include\Skybox.hpp" />
    <ClInclude Include="..\include\SpotLight.hpp" />
    <ClInclude Include="..\include\Time.hpp" />
    <ClInclude Include="..\include\Vertex.hpp" />
    <ClInclude Include="..\include\Window.hpp" />
    <ClInclude Include="..\include\WindowEvent.hpp" />
    <ClInclude Include="src\events\DirShadowResEvent.hpp" />
    <ClInclude Include="src\events\PointShadowResEvent.hpp" />
    <ClInclude Include="src\events\SpotShadowResEvent.hpp" />
    <ClInclude Include="src\rendering\GlCore.hpp" />
    <ClInclude Include="src\rendering\Renderer.hpp" />
    <ClInclude Include="src\rendering\RenderSettings.hpp" />
    <ClInclude Include="src\rendering\Shader.hpp" />
    <ClInclude Include="src\scene\Scene.hpp" />
    <ClInclude Include="src\scene\SceneManager.hpp" />
    <ClInclude Include="..\include\RenderingPath.hpp" />
    <ClInclude Include="..\include\RenderPass.hpp" />
    <ClInclude Include="src\rendering\CubeMesh.hpp" />
    <ClInclude Include="src\rendering\QuadMesh.hpp" />
    <ClInclude Include="src\rendering\PersistentMappedBuffer.hpp" />
    <ClInclude Include="src\rendering\StaticMesh.hpp" />
    <ClInclude Include="..\include\StaticMeshData.hpp" />
    <ClInclude Include="..\include\MaterialData.hpp" />
    <ClInclude Include="src\rendering\StaticMaterial.hpp" />
  </ItemGroup>
  <ItemGroup>
    <None Include="src\rendering\shaders\glsl\include\CompositeFrag.glsl" />
    <None Include="src\rendering\shaders\glsl\include\DepthVert.glsl" />
    <None Include="src\rendering\shaders\glsl\include\ForwardFrag.glsl" />
    <None Include="src\rendering\shaders\glsl\include\ForwardVert.glsl" />
    <None Include="src\rendering\shaders\glsl\include\GammaFrag.glsl" />
    <None Include="src\rendering\shaders\glsl\include\GbufferFrag.glsl" />
    <None Include="src\rendering\shaders\glsl\include\GbufferVert.glsl" />
    <None Include="src\rendering\shaders\glsl\include\Lighting.glsl" />
    <None Include="src\rendering\shaders\glsl\include\DeferredLightingFrag.glsl" />
    <None Include="src\rendering\shaders\glsl\include\LinearShadowFrag.glsl" />
    <None Include="src\rendering\shaders\glsl\include\LinearShadowVert.glsl" />
    <None Include="src\rendering\shaders\glsl\include\Material.glsl" />
    <None Include="src\rendering\shaders\glsl\include\Pos2dVert.glsl" />
    <None Include="src\rendering\shaders\glsl\include\SkyboxFrag.glsl" />
    <None Include="src\rendering\shaders\glsl\include\SkyboxVert.glsl" />
    <None Include="src\rendering\shaders\glsl\TransparencyComposite.shader" />
    <None Include="src\rendering\shaders\glsl\DeferredLighting.shader" />
    <None Include="src\rendering\shaders\glsl\DepthShadow.shader" />
    <None Include="src\rendering\shaders\glsl\Forward.shader" />
    <None Include="src\rendering\shaders\glsl\GammaCorrect.shader" />
    <None Include="src\rendering\shaders\glsl\Gbuffer.shader" />
    <None Include="src\rendering\shaders\glsl\LinearShadow.shader" />
    <None Include="src\rendering\shaders\glsl\Skybox.shader" />
    <None Include="src\rendering\shaders\glsl\include\BlinnPhong.glsl" />
    <None Include="src\rendering\shaders\glsl\include\CameraData.glsl" />
  </ItemGroup>
</Project>