<?xml version="1.0" encoding="utf-8"?>
<Project ToolsVersion="4.0" xmlns="http://schemas.microsoft.com/developer/msbuild/2003">
  <ItemGroup>
    <ClCompile Include="src\AmbientLight.cpp" />
    <ClCompile Include="src\components\DirLight.cpp" />
    <ClCompile Include="src\components\PointLight.cpp" />
    <ClCompile Include="src\components\SpotLight.cpp" />
    <ClCompile Include="src\components\Cube.cpp" />
    <ClCompile Include="src\components\ImageSprite.cpp" />
    <ClCompile Include="src\components\Model.cpp" />
    <ClCompile Include="src\components\RenderComponent.cpp" />
    <ClCompile Include="src\components\Behavior.cpp" />
    <ClCompile Include="src\components\Camera.cpp" />
    <ClCompile Include="src\components\Component.cpp" />
    <ClCompile Include="src\components\OrthographicCamera.cpp" />
    <ClCompile Include="src\components\PerspectiveCamera.cpp" />
    <ClCompile Include="src\components\Transform.cpp" />
    <ClCompile Include="src\Settings.cpp" />
    <ClCompile Include="src\data\DataManager.cpp" />
    <ClCompile Include="src\data\Poelo.cpp" />
    <ClCompile Include="src\Entity.cpp" />
    <ClCompile Include="src\Main.cpp" />
    <ClCompile Include="src\event\EventManager.cpp" />
    <ClCompile Include="src\event\DirShadowResEvent.cpp" />
    <ClCompile Include="src\event\Event.cpp" />
    <ClCompile Include="src\event\KeyEvent.cpp" />
    <ClCompile Include="src\event\MouseEvent.cpp" />
    <ClCompile Include="src\event\PointShadowResEvent.cpp" />
    <ClCompile Include="src\event\SpotShadowResEvent.cpp" />
    <ClCompile Include="src\event\WindowEvent.cpp" />
    <ClCompile Include="src\Input.cpp" />
    <ClCompile Include="src\rendering\gl\GlMesh.cpp" />
    <ClCompile Include="src\rendering\geometry\Mesh.cpp" />
    <ClCompile Include="src\rendering\geometry\MeshGroup.cpp" />
    <ClCompile Include="src\rendering\gl\GlBuffer.cpp" />
    <ClCompile Include="src\rendering\gl\GlFramebufferObject.cpp" />
    <ClCompile Include="src\rendering\gl\GlRenderbufferObject.cpp" />
    <ClCompile Include="src\rendering\gl\GlVertexArrayObject.cpp" />
    <ClCompile Include="src\rendering\gl\GlCore.cpp" />
    <ClCompile Include="src\rendering\renderers\GlDeferredRenderer.cpp" />
    <ClCompile Include="src\rendering\renderers\GlForwardRenderer.cpp" />
    <ClCompile Include="src\rendering\renderers\GlRenderer.cpp" />
    <ClCompile Include="src\rendering\renderers\Renderer.cpp" />
    <ClCompile Include="src\rendering\shaders\ShaderFamily.cpp" />
    <ClCompile Include="src\rendering\shaders\ShaderProgram.cpp" />
    <ClCompile Include="src\rendering\gl\GlCascadedShadowMap.cpp" />
    <ClCompile Include="src\rendering\gl\GlCubeShadowMap.cpp" />
    <ClCompile Include="src\rendering\gl\GlGeometryBuffer.cpp" />
    <ClCompile Include="src\rendering\gl\GlRenderBuffer.cpp" />
    <ClCompile Include="src\components\Skybox.cpp" />
    <ClCompile Include="src\rendering\gl\GlSkyboxImpl.cpp" />
    <ClCompile Include="src\rendering\gl\GlSpotShadowMap.cpp" />
    <ClCompile Include="src\rendering\gl\GlTexture.cpp" />
    <ClCompile Include="src\rendering\gl\GlTransparencyBuffer.cpp" />
    <ClCompile Include="src\scene\Scene.cpp" />
    <ClCompile Include="src\scene\SceneManager.cpp" />
    <ClCompile Include="src\threading\JobSystem.cpp" />
    <ClCompile Include="src\threading\SpinLock.cpp" />
    <ClCompile Include="src\timing\Time.cpp" />
    <ClCompile Include="src\timing\TimeImpl.cpp" />
    <ClCompile Include="src\util\api_adapters\GLFWAdapter.cpp" />
    <ClCompile Include="src\util\equal\StringEqual.cpp" />
    <ClCompile Include="src\util\hash\StringHash.cpp" />
    <ClCompile Include="src\util\less\PoeloLess.cpp" />
    <ClCompile Include="src\util\less\StringLess.cpp" />
    <ClCompile Include="src\Exit.cpp" />
    <ClCompile Include="src\windowing\GlWindow.cpp" />
    <ClCompile Include="src\windowing\Window.cpp" />
    <ClCompile Include="src\windowing\WindowImpl.cpp" />
    <ClCompile Include="..\deps\vendor\gl3w\src\gl3w.c" />
    <ClCompile Include="src\Context.cpp" />
    <ClCompile Include="src\SettingsImpl.cpp" />
    <ClCompile Include="src\rendering\gl\GlMeshGroup.cpp" />
    <ClCompile Include="src\rendering\RenderObject.cpp" />
    <ClCompile Include="src\rendering\ScreenQuad.cpp" />
  </ItemGroup>
  <ItemGroup>
    <ClInclude Include="include\DataManager.hpp" />
    <ClInclude Include="include\events\DirShadowResEvent.hpp" />
    <ClInclude Include="include\events\PointShadowResEvent.hpp" />
    <ClInclude Include="include\events\SpotShadowResEvent.hpp" />
    <ClInclude Include="include\rendering\gl\GlMesh.hpp" />
    <ClInclude Include="include\rendering\gl\GlBufferObject.hpp" />
    <ClInclude Include="include\rendering\gl\GlFramebufferObject.hpp" />
    <ClInclude Include="include\rendering\gl\GlRenderbufferObject.hpp" />
    <ClInclude Include="include\rendering\gl\GlTextureObject.hpp" />
    <ClInclude Include="include\rendering\gl\GlVertexArrayObject.hpp" />
    <ClInclude Include="include\rendering\gl\GlCore.hpp" />
    <ClInclude Include="include\rendering\renderers\GlDeferredRenderer.hpp" />
    <ClInclude Include="include\rendering\renderers\GlForwardRenderer.hpp" />
    <ClInclude Include="include\rendering\renderers\GlRenderer.hpp" />
    <ClInclude Include="include\rendering\renderers\Renderer.hpp" />
    <ClInclude Include="include\rendering\shaders\ShaderFamily.hpp" />
    <ClInclude Include="include\rendering\shaders\ShaderProgram.hpp" />
    <ClInclude Include="include\rendering\shaders\ShaderStageInfo.hpp" />
    <ClInclude Include="include\rendering\shaders\ShaderType.hpp" />
    <ClInclude Include="include\rendering\gl\GlCascadedShadowMap.hpp" />
    <ClInclude Include="include\rendering\gl\GlCubeShadowMap.hpp" />
    <ClInclude Include="include\rendering\gl\GlGeometryBuffer.hpp" />
    <ClInclude Include="include\rendering\gl\GlRenderBuffer.hpp" />
    <ClInclude Include="include\rendering\gl\GlSkyboxImpl.hpp" />
    <ClInclude Include="include\rendering\gl\GlSpotShadowMap.hpp" />
    <ClInclude Include="include\rendering\gl\GlTransparencyBuffer.hpp" />
    <ClInclude Include="src\scene\Scene.hpp" />
    <ClInclude Include="src\scene\SceneManager.hpp" />
    <ClInclude Include="include\threading\Job.hpp" />
    <ClInclude Include="include\threading\JobSystem.hpp" />
    <ClInclude Include="include\threading\SpinLock.hpp" />
    <ClInclude Include="include\timing\TimeImpl.hpp" />
    <ClInclude Include="include\util\api_adapters\GLFWAdapter.hpp" />
    <ClInclude Include="include\util\equal\StringEqual.hpp" />
    <ClInclude Include="include\util\hash\StringHash.hpp" />
    <ClInclude Include="include\util\less\PoeloLess.hpp" />
    <ClInclude Include="include\util\less\StringLess.hpp" />
    <ClInclude Include="include\windowing\GlWindow.hpp" />
    <ClInclude Include="include\windowing\WindowImpl.hpp" />
    <ClInclude Include="include\InternalContext.hpp" />
    <ClInclude Include="include\rendering\gl\GlMeshGroup.hpp" />
    <ClInclude Include="include\rendering\RenderObject.hpp" />
    <ClInclude Include="include\SettingsImpl.hpp" />
    <ClInclude Include="include\ScreenQuad.hpp" />
    <ClInclude Include="include\rendering\Extent.hpp" />
  </ItemGroup>
  <ItemGroup>
    <CustomBuild Include="src\rendering\shaders\glsl\SkyboxVert.vert" />
    <CustomBuild Include="src\rendering\shaders\glsl\SkyboxFrag.frag" />
    <CustomBuild Include="src\rendering\shaders\glsl\deferred\GeometryPassFrag.frag" />
    <CustomBuild Include="src\rendering\shaders\glsl\forward\ObjectFrag.frag" />
    <CustomBuild Include="src\rendering\shaders\glsl\shadows\LinearShadowVert.vert" />
    <CustomBuild Include="src\rendering\shaders\glsl\deferred\GeometryPassVert.vert" />
    <CustomBuild Include="src\rendering\shaders\glsl\deferred\LightPassFrag.frag" />
    <CustomBuild Include="src\rendering\shaders\glsl\forward\ObjectVert.vert" />
    <CustomBuild Include="src\rendering\shaders\glsl\forward\TranspCompositeFrag.frag" />
    <CustomBuild Include="src\rendering\shaders\glsl\shadows\DepthShadowVert.vert" />
    <CustomBuild Include="src\rendering\shaders\glsl\shadows\LinearShadowFrag.frag" />
    <CustomBuild Include="src\rendering\shaders\glsl\postprocess\GammaCorrectFrag.frag" />
    <CustomBuild Include="src\rendering\shaders\glsl\Pos2DPassthroughVert.vert" />
  </ItemGroup>
</Project>