<?xml version="1.0" encoding="utf-8"?>
<Project ToolsVersion="4.0" xmlns="http://schemas.microsoft.com/developer/msbuild/2003">
  <ItemGroup>
    <ClCompile Include="src\components\behavior.cpp" />
    <ClCompile Include="src\components\camera.cpp" />
    <ClCompile Include="src\rendering\opengl\gl.cpp" />
    <ClCompile Include="src\math\leopphmath.cpp" />
    <ClCompile Include="src\components\lighting\light.cpp" />
    <ClCompile Include="src\rendering\mesh.cpp" />
    <ClCompile Include="src\rendering\assimpmodel.cpp" />
    <ClCompile Include="src\hierarchy\object.cpp" />
    <ClCompile Include="src\rendering\shader.cpp" />
    <ClCompile Include="src\rendering\texture.cpp" />
    <ClCompile Include="src\timing\leopphtime.cpp" />
    <ClCompile Include="src\windowing\glwindow.cpp" />
    <ClCompile Include="src\components\lighting\pointlight.cpp" />
    <ClCompile Include="src\rendering\renderer.cpp" />
    <ClCompile Include="src\input\input.cpp" />
    <ClCompile Include="src\components\lighting\dirlight.cpp" />
    <ClCompile Include="src\instances\instanceholder.cpp" />
    <ClCompile Include="src\math\quaternion.cpp" />
    <ClCompile Include="src\components\component.cpp" />
    <ClCompile Include="src\hierarchy\transform.cpp" />
    <ClCompile Include="vendor\stb_image\stb_image.cpp" />
    <ClCompile Include="src\rendering\model.cpp" />
    <ClCompile Include="src\windowing\window.cpp" />
    <ClCompile Include="src\input\inputhandler.cpp" />
    <ClCompile Include="src\entry\launch.cpp" />
    <ClCompile Include="src\timing\timer.cpp" />
    <ClCompile Include="src\shaders\fragment.cpp" />
    <ClCompile Include="src\shaders\vertex.cpp" />
    <ClCompile Include="src\config\settings.cpp" />
  </ItemGroup>
  <ItemGroup>
    <ClInclude Include="src\components\behavior.h" />
    <ClInclude Include="src\components\camera.h" />
    <ClInclude Include="src\components\lighting\dirlight.h" />
    <ClInclude Include="src\entry\entry.h" />
    <ClInclude Include="src\rendering\opengl\gl.h" />
    <ClInclude Include="src\input\input.h" />
    <ClInclude Include="src\instances\instanceholder.h" />
    <ClInclude Include="src\api\leopphapi.h" />
    <ClInclude Include="src\math\leopphmath.h" />
    <ClInclude Include="src\components\lighting\light.h" />
    <ClInclude Include="src\math\matrix.h" />
    <ClInclude Include="src\rendering\mesh.h" />
    <ClInclude Include="src\rendering\assimpmodel.h" />
    <ClInclude Include="src\hierarchy\object.h" />
    <ClInclude Include="src\components\lighting\pointlight.h" />
    <ClInclude Include="src\math\quaternion.h" />
    <ClInclude Include="src\rendering\renderer.h" />
    <ClInclude Include="src\rendering\shader.h" />
    <ClInclude Include="src\rendering\texture.h" />
    <ClInclude Include="src\timing\leopphtime.h" />
    <ClInclude Include="src\math\vector.h" />
    <ClInclude Include="src\rendering\vertex.h" />
    <ClInclude Include="src\windowing\glwindow.h" />
    <ClInclude Include="include\leopph.h" />
    <ClInclude Include="src\components\component.h" />
    <ClInclude Include="src\hierarchy\transform.h" />
    <ClInclude Include="src\rendering\model.h" />
    <ClInclude Include="src\windowing\window.h" />
    <ClInclude Include="src\config\settings.h" />
    <ClInclude Include="src\input\keycodes.h" />
    <ClInclude Include="src\input\keystate.h" />
    <ClInclude Include="src\input\cursorstate.h" />
    <ClInclude Include="src\input\inputhandler.h" />
    <ClInclude Include="src\util\modelhash.h" />
    <ClInclude Include="src\entry\launch.h" />
    <ClInclude Include="src\entry\appstart.h" />
    <ClInclude Include="src\timing\timer.h" />
  </ItemGroup>
  <ItemGroup>
    <None Include="src\shaders\fragment.frag" />
    <None Include="src\shaders\vertex.vert" />
  </ItemGroup>
</Project>