<?xml version="1.0" encoding="utf-8"?>
<Project ToolsVersion="4.0" xmlns="http://schemas.microsoft.com/developer/msbuild/2003">
  <ItemGroup>
    <ClCompile Include="src\components\Behavior.cpp" />
    <ClCompile Include="src\components\Camera.cpp" />
    <ClCompile Include="src\rendering\opengl\gl.cpp" />
    <ClCompile Include="src\math\LeopphMath.cpp" />
    <ClCompile Include="src\components\lighting\Light.cpp" />
    <ClCompile Include="src\rendering\mesh.cpp" />
    <ClCompile Include="src\rendering\assimpmodel.cpp" />
    <ClCompile Include="src\hierarchy\Object.cpp" />
    <ClCompile Include="src\rendering\Shader.cpp" />
    <ClCompile Include="src\rendering\texture.cpp" />
    <ClCompile Include="src\timing\leopphtime.cpp" />
    <ClCompile Include="src\windowing\glwindow.cpp" />
    <ClCompile Include="src\components\lighting\PointLight.cpp" />
    <ClCompile Include="src\rendering\ForwardRenderer.cpp" />
    <ClCompile Include="src\input\Input.cpp" />
    <ClCompile Include="src\components\lighting\DirLight.cpp" />
    <ClCompile Include="src\instances\DataManager.cpp" />
    <ClCompile Include="src\math\Quaternion.cpp" />
    <ClCompile Include="src\components\Component.cpp" />
    <ClCompile Include="vendor\stb_image\stb_image.cpp" />
    <ClCompile Include="src\components\models\Model.cpp" />
    <ClCompile Include="src\windowing\window.cpp" />
    <ClCompile Include="src\entry\launch.cpp" />
    <ClCompile Include="src\timing\timer.cpp" />
    <ClCompile Include="src\config\Settings.cpp" />
    <ClCompile Include="src\util\logger.cpp" />
    <ClCompile Include="src\rendering\material.cpp" />
    <ClCompile Include="src\util\hash\TextureHash.cpp" />
    <ClCompile Include="src\util\equal\TextureEqual.cpp" />
    <ClCompile Include="src\util\less\ObjectLess.cpp" />
    <ClCompile Include="src\instances\modelreference.cpp" />
    <ClCompile Include="src\misc\skybox.cpp" />
    <ClCompile Include="src\instances\skyboximpl.cpp" />
    <ClCompile Include="src\util\hash\SkyBoxImplHash.cpp" />
    <ClCompile Include="src\util\equal\SkyBoxImplEqual.cpp" />
    <ClCompile Include="src\misc\color.cpp" />
    <ClCompile Include="src\components\lighting\AmbientLight.cpp" />
    <ClCompile Include="src\components\Transform.cpp" />
    <ClCompile Include="src\rendering\ShadowMap.cpp" />
    <ClCompile Include="src\util\hash\PathHash.cpp" />
    <ClCompile Include="src\shaders\stringified\skyboxvertex.cpp" />
    <ClCompile Include="src\shaders\stringified\DirectionalShadowMapFragment.cpp" />
    <ClCompile Include="src\shaders\stringified\DirectionalShadowMapVertex.cpp" />
    <ClCompile Include="src\shaders\stringified\ObjectFragment.cpp" />
    <ClCompile Include="src\shaders\stringified\ObjectVertex.cpp" />
    <ClCompile Include="src\shaders\stringified\skyboxfragment.cpp" />
    <ClCompile Include="src\components\lighting\SpotLight.cpp" />
    <ClCompile Include="src\components\lighting\AttenuatedLight.cpp" />
    <ClCompile Include="src\rendering\buffers\Buffer.cpp" />
    <ClCompile Include="src\rendering\buffers\Framebuffer.cpp" />
    <ClCompile Include="src\rendering\buffers\RefCountedBuffer.cpp" />
    <ClCompile Include="src\util\less\LightCloserToCamera.cpp" />
    <ClCompile Include="src\rendering\DeferredRenderer.cpp" />
    <ClCompile Include="src\rendering\buffers\GeometryBuffer.cpp" />
    <ClCompile Include="src\shaders\stringified\deferred\GPassObjectFragment.cpp" />
    <ClCompile Include="src\shaders\stringified\deferred\GPassObjectVertex.cpp" />
    <ClCompile Include="src\shaders\stringified\deferred\LightPassFragment.cpp" />
    <ClCompile Include="src\shaders\stringified\deferred\LightPassVertex.cpp" />
    <ClCompile Include="src\events\Event.cpp" />
    <ClCompile Include="src\events\DisplayResolutionChangedEvent.cpp" />
    <ClCompile Include="src\events\EventManager.cpp" />
    <ClCompile Include="src\events\EventReceiverBase.cpp" />
    <ClCompile Include="src\events\KeyEvent.cpp" />
    <ClCompile Include="src\events\MouseEvent.cpp" />
  </ItemGroup>
  <ItemGroup>
    <ClInclude Include="src\components\Behavior.hpp" />
    <ClInclude Include="src\components\Camera.hpp" />
    <ClInclude Include="src\components\lighting\DirLight.hpp" />
    <ClInclude Include="src\entry\entry.h" />
    <ClInclude Include="src\rendering\opengl\gl.h" />
    <ClInclude Include="src\input\Input.hpp" />
    <ClInclude Include="src\instances\DataManager.hpp" />
    <ClInclude Include="src\api\leopphapi.h" />
    <ClInclude Include="src\math\LeopphMath.hpp" />
    <ClInclude Include="src\components\lighting\Light.hpp" />
    <ClInclude Include="src\math\Matrix.hpp" />
    <ClInclude Include="src\rendering\mesh.h" />
    <ClInclude Include="src\rendering\assimpmodel.h" />
    <ClInclude Include="src\hierarchy\Object.hpp" />
    <ClInclude Include="src\components\lighting\PointLight.hpp" />
    <ClInclude Include="src\math\Quaternion.hpp" />
    <ClInclude Include="src\rendering\ForwardRenderer.hpp" />
    <ClInclude Include="src\rendering\Shader.hpp" />
    <ClInclude Include="src\rendering\texture.h" />
    <ClInclude Include="src\timing\leopphtime.h" />
    <ClInclude Include="src\math\Vector.hpp" />
    <ClInclude Include="src\rendering\vertex.h" />
    <ClInclude Include="src\windowing\glwindow.h" />
    <ClInclude Include="include\leopph.h" />
    <ClInclude Include="src\components\Component.hpp" />
    <ClInclude Include="src\components\models\Model.hpp" />
    <ClInclude Include="src\windowing\window.h" />
    <ClInclude Include="src\config\Settings.hpp" />
    <ClInclude Include="src\input\keycodes.h" />
    <ClInclude Include="src\input\keystate.h" />
    <ClInclude Include="src\input\cursorstate.h" />
    <ClInclude Include="src\entry\launch.h" />
    <ClInclude Include="src\entry\appstart.h" />
    <ClInclude Include="src\timing\timer.h" />
    <ClInclude Include="src\util\logger.h" />
    <ClInclude Include="src\rendering\material.h" />
    <ClInclude Include="src\misc\color.h" />
    <ClInclude Include="src\util\hash\PathHash.hpp" />
    <ClInclude Include="src\util\hash\TextureHash.hpp" />
    <ClInclude Include="src\util\equal\TextureEqual.hpp" />
    <ClInclude Include="src\instances\texturereference.h" />
    <ClInclude Include="src\util\less\ObjectLess.hpp" />
    <ClInclude Include="src\instances\modelreference.h" />
    <ClInclude Include="src\misc\camerabackground.h" />
    <ClInclude Include="src\misc\skybox.h" />
    <ClInclude Include="src\instances\skyboximpl.h" />
    <ClInclude Include="src\util\hash\SkyBoxImplHash.hpp" />
    <ClInclude Include="src\util\equal\SkyBoxImplEqual.hpp" />
    <ClInclude Include="src\components\lighting\AmbientLight.hpp" />
    <ClInclude Include="src\components\Transform.hpp" />
    <ClInclude Include="src\util\ObjectProperties.hpp" />
    <ClInclude Include="src\rendering\ShadowMap.hpp" />
    <ClInclude Include="src\components\lighting\SpotLight.hpp" />
    <ClInclude Include="src\components\lighting\AttenuatedLight.hpp" />
    <ClInclude Include="src\rendering\buffers\Buffer.hpp" />
    <ClInclude Include="src\rendering\buffers\Framebuffer.hpp" />
    <ClInclude Include="src\rendering\buffers\RefCountedBuffer.hpp" />
    <ClInclude Include="src\rendering\DeferredRenderer.hpp" />
    <ClInclude Include="src\util\less\LightCloserToCamera.hpp" />
    <ClInclude Include="src\rendering\buffers\GeometryBuffer.hpp" />
    <ClInclude Include="src\util\equal\FuncEqual.hpp" />
    <ClInclude Include="src\util\hash\FuncHash.hpp" />
    <ClInclude Include="src\events\Event.hpp" />
    <ClInclude Include="src\events\EventManager.hpp" />
    <ClInclude Include="src\events\DisplayResolutionChangedEvent.hpp" />
    <ClInclude Include="src\events\EventReceiverBase.hpp" />
    <ClInclude Include="src\events\EventReceiver.hpp" />
    <ClInclude Include="src\events\EventReceiverHandle.hpp" />
    <ClInclude Include="src\events\KeyEvent.hpp" />
    <ClInclude Include="src\events\MouseEvent.hpp" />
    <ClInclude Include="src\events\FrameBeginsEvent.hpp" />
  </ItemGroup>
  <ItemGroup>
    <None Include="src\shaders\ObjectFragment.frag" />
    <None Include="src\shaders\ObjectVertex.vert" />
    <None Include="src\shaders\skyboxvertex.vert" />
    <None Include="src\shaders\skyboxfragment.frag" />
    <None Include="src\cpp.hint" />
    <None Include="src\shaders\DirectionalShadowMapVertex.vert" />
    <None Include="src\shaders\DirectionalShadowMapFragment.frag" />
    <None Include="src\shaders\deferred\GPassObject.vert" />
    <None Include="src\shaders\deferred\GPassObject.frag" />
    <None Include="src\shaders\deferred\LightPass.vert" />
    <None Include="src\shaders\deferred\LightPass.frag" />
  </ItemGroup>
</Project>