<?xml version="1.0" encoding="utf-8"?>
<Project ToolsVersion="4.0" xmlns="http://schemas.microsoft.com/developer/msbuild/2003">
  <ItemGroup>
    <ClCompile Include="src\components\Behavior.cpp" />
    <ClCompile Include="src\components\camera.cpp" />
    <ClCompile Include="src\rendering\opengl\gl.cpp" />
    <ClCompile Include="src\math\leopphmath.cpp" />
    <ClCompile Include="src\components\lighting\Light.cpp" />
    <ClCompile Include="src\rendering\mesh.cpp" />
    <ClCompile Include="src\rendering\assimpmodel.cpp" />
    <ClCompile Include="src\hierarchy\Object.cpp" />
    <ClCompile Include="src\rendering\Shader.cpp" />
    <ClCompile Include="src\rendering\texture.cpp" />
    <ClCompile Include="src\timing\leopphtime.cpp" />
    <ClCompile Include="src\windowing\glwindow.cpp" />
    <ClCompile Include="src\components\lighting\PointLight.cpp" />
    <ClCompile Include="src\rendering\Renderer.cpp" />
    <ClCompile Include="src\input\input.cpp" />
    <ClCompile Include="src\components\lighting\DirLight.cpp" />
    <ClCompile Include="src\instances\InstanceHolder.cpp" />
    <ClCompile Include="src\math\quaternion.cpp" />
    <ClCompile Include="src\components\Component.cpp" />
    <ClCompile Include="vendor\stb_image\stb_image.cpp" />
    <ClCompile Include="src\components\models\Model.cpp" />
    <ClCompile Include="src\windowing\window.cpp" />
    <ClCompile Include="src\input\inputhandler.cpp" />
    <ClCompile Include="src\entry\launch.cpp" />
    <ClCompile Include="src\timing\timer.cpp" />
    <ClCompile Include="src\config\settings.cpp" />
    <ClCompile Include="src\util\logger.cpp" />
    <ClCompile Include="src\rendering\material.cpp" />
    <ClCompile Include="src\util\hash\TextureHash.cpp" />
    <ClCompile Include="src\util\equal\TextureEqual.cpp" />
    <ClCompile Include="src\util\less\ObjectLess.cpp" />
    <ClCompile Include="src\instances\modelreference.cpp" />
    <ClCompile Include="src\misc\skybox.cpp" />
    <ClCompile Include="src\instances\skyboximpl.cpp" />
    <ClCompile Include="src\shaders\skyboxfragment.cpp" />
    <ClCompile Include="src\shaders\skyboxvertex.cpp" />
    <ClCompile Include="src\util\hash\SkyBoxImplHash.cpp" />
    <ClCompile Include="src\util\equal\SkyBoxImplEqual.cpp" />
    <ClCompile Include="src\misc\color.cpp" />
    <ClCompile Include="src\components\lighting\AmbientLight.cpp" />
    <ClCompile Include="src\hierarchy\Transform.cpp" />
    <ClCompile Include="src\shaders\ObjectFragment.cpp" />
    <ClCompile Include="src\shaders\ObjectVertex.cpp" />
    <ClCompile Include="src\rendering\ShadowMap.cpp" />
    <ClCompile Include="src\util\hash\PathHash.cpp" />
    <ClCompile Include="src\shaders\DirectionalShadowMapFragment.cpp" />
    <ClCompile Include="src\shaders\DirectionalShadowMapVertex.cpp" />
  </ItemGroup>
  <ItemGroup>
    <ClInclude Include="src\components\Behavior.hpp" />
    <ClInclude Include="src\components\Camera.hpp" />
    <ClInclude Include="src\components\lighting\DirLight.hpp" />
    <ClInclude Include="src\entry\entry.h" />
    <ClInclude Include="src\rendering\opengl\gl.h" />
    <ClInclude Include="src\input\input.h" />
    <ClInclude Include="src\instances\InstanceHolder.hpp" />
    <ClInclude Include="src\api\leopphapi.h" />
    <ClInclude Include="src\math\leopphmath.h" />
    <ClInclude Include="src\components\lighting\Light.hpp" />
    <ClInclude Include="src\math\Matrix.hpp" />
    <ClInclude Include="src\rendering\mesh.h" />
    <ClInclude Include="src\rendering\assimpmodel.h" />
    <ClInclude Include="src\hierarchy\Object.hpp" />
    <ClInclude Include="src\components\lighting\PointLight.hpp" />
    <ClInclude Include="src\math\quaternion.h" />
    <ClInclude Include="src\rendering\Renderer.hpp" />
    <ClInclude Include="src\rendering\Shader.hpp" />
    <ClInclude Include="src\rendering\texture.h" />
    <ClInclude Include="src\timing\leopphtime.h" />
    <ClInclude Include="src\math\Vector.hpp" />
    <ClInclude Include="src\rendering\vertex.h" />
    <ClInclude Include="src\windowing\glwindow.h" />
    <ClInclude Include="include\leopph.h" />
    <ClInclude Include="src\components\Component.hpp" />
    <ClInclude Include="src\components\models\Model.hpp" />
    <ClInclude Include="src\windowing\window.h" />
    <ClInclude Include="src\config\settings.h" />
    <ClInclude Include="src\input\keycodes.h" />
    <ClInclude Include="src\input\keystate.h" />
    <ClInclude Include="src\input\cursorstate.h" />
    <ClInclude Include="src\input\inputhandler.h" />
    <ClInclude Include="src\entry\launch.h" />
    <ClInclude Include="src\entry\appstart.h" />
    <ClInclude Include="src\timing\timer.h" />
    <ClInclude Include="src\util\logger.h" />
    <ClInclude Include="src\rendering\material.h" />
    <ClInclude Include="src\misc\color.h" />
    <ClInclude Include="src\util\hash\PathHash.hpp" />
    <ClInclude Include="src\util\hash\TextureHash.hpp" />
    <ClInclude Include="src\util\equal\TextureEqual.hpp" />
    <ClInclude Include="src\instances\texturereference.h" />
    <ClInclude Include="src\util\less\ObjectLess.hpp" />
    <ClInclude Include="src\instances\modelreference.h" />
    <ClInclude Include="src\misc\camerabackground.h" />
    <ClInclude Include="src\misc\skybox.h" />
    <ClInclude Include="src\instances\skyboximpl.h" />
    <ClInclude Include="src\util\hash\SkyBoxImplHash.hpp" />
    <ClInclude Include="src\util\equal\SkyBoxImplEqual.hpp" />
    <ClInclude Include="src\components\lighting\AmbientLight.hpp" />
    <ClInclude Include="src\hierarchy\Transform.hpp" />
    <ClInclude Include="src\util\ObjectProperties.hpp" />
    <ClInclude Include="src\rendering\ShadowMap.hpp" />
  </ItemGroup>
  <ItemGroup>
    <None Include="src\shaders\ObjectFragment.frag" />
    <None Include="src\shaders\ObjectVertex.vert" />
    <None Include="src\shaders\skyboxvertex.vert" />
    <None Include="src\shaders\skyboxfragment.frag" />
    <None Include="src\cpp.hint" />
    <None Include="src\shaders\DirectionalShadowMapVertex.vert" />
    <None Include="src\shaders\DirectionalShadowMapFragment.frag" />
  </ItemGroup>
</Project>