<?xml version="1.0" encoding="utf-8"?>
<Project ToolsVersion="4.0" xmlns="http://schemas.microsoft.com/developer/msbuild/2003">
  <ItemGroup>
    <Filter Include="Source Files">
      <UniqueIdentifier>{4FC737F1-C7A5-4376-A066-2A32D752A2FF}</UniqueIdentifier>
      <Extensions>cpp;c;cc;cxx;c++;cppm;ixx;def;odl;idl;hpj;bat;asm;asmx</Extensions>
    </Filter>
    <Filter Include="Header Files">
      <UniqueIdentifier>{93995380-89BD-4b04-88EB-625FBE52EBFB}</UniqueIdentifier>
      <Extensions>h;hh;hpp;hxx;h++;hm;inl;inc;ipp;xsd</Extensions>
    </Filter>
    <Filter Include="Resource Files">
      <UniqueIdentifier>{67DA6AB6-F800-4c08-8B7A-83BB121AAD01}</UniqueIdentifier>
      <Extensions>rc;ico;cur;bmp;dlg;rc2;rct;bin;rgs;gif;jpg;jpeg;jpe;resx;tiff;tif;png;wav;mfcribbon-ms</Extensions>
    </Filter>
  </ItemGroup>
  <ItemGroup>
    <ClCompile Include="src\Main.cpp">
      <Filter>Source Files</Filter>
    </ClCompile>
    <ClCompile Include="src\editor_gui_helpers.cpp">
      <Filter>Source Files</Filter>
    </ClCompile>
    <ClCompile Include="src\editor_app.cpp">
      <Filter>Source Files</Filter>
    </ClCompile>
    <ClCompile Include="src\StandaloneCamera.cpp">
      <Filter>Source Files</Filter>
    </ClCompile>
    <ClCompile Include="src\StartupScreen.cpp">
      <Filter>Source Files</Filter>
    </ClCompile>
    <ClCompile Include="src\MainMenuBar.cpp">
      <Filter>Source Files</Filter>
    </ClCompile>
    <ClCompile Include="src\windows\EntityHierarchyWindow.cpp">
      <Filter>Source Files</Filter>
    </ClCompile>
    <ClCompile Include="src\windows\PropertiesWindow.cpp">
      <Filter>Source Files</Filter>
    </ClCompile>
    <ClCompile Include="src\windows\GameViewWindow.cpp">
      <Filter>Source Files</Filter>
    </ClCompile>
    <ClCompile Include="src\windows\SceneViewWindow.cpp">
      <Filter>Source Files</Filter>
    </ClCompile>
    <ClCompile Include="src\windows\ProjectWindow.cpp">
      <Filter>Source Files</Filter>
    </ClCompile>
    <ClCompile Include="src\windows\PerformanceCounterWindow.cpp">
      <Filter>Source Files</Filter>
    </ClCompile>
    <ClCompile Include="src\LoadingScreen.cpp">
      <Filter>Source Files</Filter>
    </ClCompile>
    <ClCompile Include="src\windows\SettingsWindow.cpp">
      <Filter>Source Files</Filter>
    </ClCompile>
    <ClCompile Include="src\ResourceDB.cpp">
      <Filter>Source Files</Filter>
    </ClCompile>
    <ClCompile Include="src\ResourceImporters\model_importer.cpp">
      <Filter>Source Files</Filter>
    </ClCompile>
    <ClCompile Include="src\ResourceImporters\native_resource_importer.cpp">
      <Filter>Source Files</Filter>
    </ClCompile>
    <ClCompile Include="src\ResourceImporters\resource_importer.cpp">
      <Filter>Source Files</Filter>
    </ClCompile>
    <ClCompile Include="src\ResourceImporters\texture_importer.cpp">
      <Filter>Source Files</Filter>
    </ClCompile>
    <ClCompile Include="src\rendering\imgui_renderer.cpp">
      <Filter>Source Files</Filter>
    </ClCompile>
    <ClCompile Include="src\command_line_processor.cpp">
      <Filter>Source Files</Filter>
    </ClCompile>
    <ClCompile Include="src\drawers\editor_drawer.cpp">
      <Filter>Source Files</Filter>
    </ClCompile>
    <ClCompile Include="src\drawers\material_editor_drawer.cpp">
      <Filter>Source Files</Filter>
    </ClCompile>
    <ClCompile Include="src\drawers\editor_drawer_registry.cpp">
      <Filter>Source Files</Filter>
    </ClCompile>
    <ClCompile Include="src\drawers\object_editor_drawer.cpp">
      <Filter>Source Files</Filter>
    </ClCompile>
    <ClCompile Include="src\drawers\mesh_editor_drawer.cpp">
      <Filter>Source Files</Filter>
    </ClCompile>
    <ClCompile Include="src\drawers\texture2d_editor_drawer.cpp">
      <Filter>Source Files</Filter>
    </ClCompile>
    <ClCompile Include="src\drawers\camera_component_editor_drawer.cpp">
      <Filter>Source Files</Filter>
    </ClCompile>
    <ClCompile Include="src\drawers\camera_controller_component_editor_drawer.cpp">
      <Filter>Source Files</Filter>
    </ClCompile>
    <ClCompile Include="src\drawers\component_editor_drawer.cpp">
      <Filter>Source Files</Filter>
    </ClCompile>
    <ClCompile Include="src\drawers\entity_editor_drawer.cpp">
      <Filter>Source Files</Filter>
    </ClCompile>
    <ClCompile Include="src\drawers\light_component_editor_drawer.cpp">
      <Filter>Source Files</Filter>
    </ClCompile>
    <ClCompile Include="src\drawers\mesh_component_base_editor_drawer.cpp">
      <Filter>Source Files</Filter>
    </ClCompile>
    <ClCompile Include="src\drawers\oscillate_component_editor_drawer.cpp">
      <Filter>Source Files</Filter>
    </ClCompile>
    <ClCompile Include="src\drawers\skinned_mesh_component_editor_drawer.cpp">
      <Filter>Source Files</Filter>
    </ClCompile>
    <ClCompile Include="src\drawers\transform_component_editor_drawer.cpp">
      <Filter>Source Files</Filter>
    </ClCompile>
  </ItemGroup>
  <ItemGroup>
    <None Include="src\rendering\shaders\imgui.hlsli" />
    <None Include="src\editor_app.inl">
      <Filter>Header Files</Filter>
    </None>
    <None Include="packages.config" />
    <None Include="src\editor_gui_helpers.inl">
      <Filter>Header Files</Filter>
    </None>
    <None Include="src\drawers\editor_drawer.inl">
      <Filter>Header Files</Filter>
    </None>
    <None Include="src\drawers\editor_drawer_registry.inl">
      <Filter>Header Files</Filter>
    </None>
  </ItemGroup>
  <ItemGroup>
    <ClInclude Include="src\editor_app.hpp">
      <Filter>Header Files</Filter>
    </ClInclude>
    <ClInclude Include="src\StandaloneCamera.hpp">
      <Filter>Header Files</Filter>
    </ClInclude>
    <ClInclude Include="src\StartupScreen.hpp">
      <Filter>Header Files</Filter>
    </ClInclude>
    <ClInclude Include="src\MainMenuBar.hpp">
      <Filter>Header Files</Filter>
    </ClInclude>
    <ClInclude Include="src\windows\EntityHierarchyWindow.hpp">
      <Filter>Header Files</Filter>
    </ClInclude>
    <ClInclude Include="src\windows\PropertiesWindow.hpp">
      <Filter>Header Files</Filter>
    </ClInclude>
    <ClInclude Include="src\windows\GameViewWindow.hpp">
      <Filter>Header Files</Filter>
    </ClInclude>
    <ClInclude Include="src\windows\SceneViewWindow.hpp">
      <Filter>Header Files</Filter>
    </ClInclude>
    <ClInclude Include="src\windows\ProjectWindow.hpp">
      <Filter>Header Files</Filter>
    </ClInclude>
    <ClInclude Include="src\windows\PerformanceCounterWindow.hpp">
      <Filter>Header Files</Filter>
    </ClInclude>
    <ClInclude Include="src\LoadingScreen.hpp">
      <Filter>Header Files</Filter>
    </ClInclude>
    <ClInclude Include="src\windows\SettingsWindow.hpp">
      <Filter>Header Files</Filter>
    </ClInclude>
    <ClInclude Include="src\ResourceDB.hpp">
      <Filter>Header Files</Filter>
    </ClInclude>
    <ClInclude Include="src\ResourceImporters\model_importer.hpp">
      <Filter>Header Files</Filter>
    </ClInclude>
    <ClInclude Include="src\ResourceImporters\native_resource_importer.hpp">
      <Filter>Header Files</Filter>
    </ClInclude>
    <ClInclude Include="src\ResourceImporters\resource_importer.hpp">
      <Filter>Header Files</Filter>
    </ClInclude>
    <ClInclude Include="src\ResourceImporters\texture_importer.hpp">
      <Filter>Header Files</Filter>
    </ClInclude>
    <ClInclude Include="src\rendering\imgui_renderer.hpp">
      <Filter>Header Files</Filter>
    </ClInclude>
    <ClInclude Include="src\rendering\shaders\imgui_shader_interop.h">
      <Filter>Header Files</Filter>
    </ClInclude>
    <ClInclude Include="src\editor_gui_helpers.hpp">
      <Filter>Header Files</Filter>
    </ClInclude>
    <ClInclude Include="src\command_line_processor.hpp">
      <Filter>Header Files</Filter>
    </ClInclude>
    <ClInclude Include="src\drawers\editor_drawer.h">
      <Filter>Header Files</Filter>
    </ClInclude>
    <ClInclude Include="src\drawers\material_editor_drawer.hpp">
      <Filter>Header Files</Filter>
    </ClInclude>
    <ClInclude Include="src\drawers\editor_drawer_registry.hpp">
      <Filter>Header Files</Filter>
    </ClInclude>
    <ClInclude Include="src\drawers\editor_drawer_context.hpp">
      <Filter>Header Files</Filter>
    </ClInclude>
    <ClInclude Include="src\drawers\object_editor_drawer.hpp">
      <Filter>Header Files</Filter>
    </ClInclude>
    <ClInclude Include="src\drawers\mesh_editor_drawer.hpp">
      <Filter>Header Files</Filter>
    </ClInclude>
    <ClInclude Include="src\drawers\texture2d_editor_drawer.hpp">
      <Filter>Header Files</Filter>
    </ClInclude>
    <ClInclude Include="src\drawers\camera_component_editor_drawer.hpp">
      <Filter>Header Files</Filter>
    </ClInclude>
    <ClInclude Include="src\drawers\camera_controller_component_editor_drawer.hpp">
      <Filter>Header Files</Filter>
    </ClInclude>
    <ClInclude Include="src\drawers\component_editor_drawer.hpp">
      <Filter>Header Files</Filter>
    </ClInclude>
    <ClInclude Include="src\drawers\entity_editor_drawer.hpp">
      <Filter>Header Files</Filter>
    </ClInclude>
    <ClInclude Include="src\drawers\light_component_editor_drawer.hpp">
      <Filter>Header Files</Filter>
    </ClInclude>
    <ClInclude Include="src\drawers\mesh_component_base_editor_drawer.hpp">
      <Filter>Header Files</Filter>
    </ClInclude>
    <ClInclude Include="src\drawers\oscillate_component_editor_drawer.hpp">
      <Filter>Header Files</Filter>
    </ClInclude>
    <ClInclude Include="src\drawers\skinned_mesh_component_editor_drawer.hpp">
      <Filter>Header Files</Filter>
    </ClInclude>
    <ClInclude Include="src\drawers\transform_component_editor_drawer.hpp">
      <Filter>Header Files</Filter>
    </ClInclude>
  </ItemGroup>
  <ItemGroup>
    <FxCompile Include="src\rendering\shaders\imgui_vs.hlsl" />
    <FxCompile Include="src\rendering\shaders\imgui_ps.hlsl" />
  </ItemGroup>
</Project>