<?xml version="1.0" encoding="utf-8"?>
<Project ToolsVersion="4.0" xmlns="http://schemas.microsoft.com/developer/msbuild/2003">
  <ItemGroup>
    <ClCompile Include="src\BehaviorNode.cpp" />
    <ClCompile Include="src\CameraNodes.cpp" />
    <ClCompile Include="src\Lights.cpp" />
    <ClCompile Include="src\StaticMeshNode.cpp" />
    <ClCompile Include="src\Skybox.cpp" />
    <ClCompile Include="src\EventManager.cpp" />
    <ClCompile Include="src\GlContext.cpp" />
    <ClCompile Include="src\Texture2D.cpp" />
    <ClCompile Include="src\Renderer.cpp" />
    <ClCompile Include="src\Shader.cpp" />
    <ClCompile Include="src\Scene.cpp" />
    <ClCompile Include="src\SceneManager.cpp" />
    <ClCompile Include="src\Timer.cpp" />
    <ClCompile Include="src\Context.cpp" />
    <ClCompile Include="src\Node.cpp" />
    <ClCompile Include="src\Exit.cpp" />
    <ClCompile Include="src\Input.cpp" />
    <ClCompile Include="src\Main.cpp" />
    <ClCompile Include="src\CubeMesh.cpp" />
    <ClCompile Include="src\QuadMesh.cpp" />
    <ClCompile Include="src\PersistentMappedBuffer.cpp" />
    <ClCompile Include="src\Window.cpp" />
    <ClCompile Include="src\Serialize.cpp" />
    <ClCompile Include="src\EncodeLeopph3d.cpp" />
    <ClCompile Include="src\ModelImport.cpp" />
    <ClCompile Include="src\StaticMesh.cpp" />
    <ClCompile Include="src\StaticMaterial.cpp" />
    <ClCompile Include="src\AABB.cpp" />
    <ClCompile Include="src\Util.cpp" />
    <ClCompile Include="src\Random.cpp" />
    <ClCompile Include="src\Color.cpp" />
    <ClCompile Include="src\Compare.cpp" />
    <ClCompile Include="src\Compress.cpp" />
    <ClCompile Include="src\Hash.cpp" />
    <ClCompile Include="src\Image.cpp" />
    <ClCompile Include="src\Logger.cpp" />
    <ClCompile Include="src\Math.cpp" />
    <ClCompile Include="..\..\deps\vendor\glad\src\gl.c" />
    <ClCompile Include="src\MathExport.cpp" />
    <ClCompile Include="src\Export.cpp" />
    <ClCompile Include="src\Test.cpp" />
  </ItemGroup>
  <ItemGroup>
    <ClInclude Include="include\rendering\gl\GlMesh.hpp" />
    <ClInclude Include="include\rendering\gl\GlCore.hpp" />
    <ClInclude Include="include\rendering\renderers\GlDeferredRenderer.hpp" />
    <ClInclude Include="include\rendering\renderers\GlForwardRenderer.hpp" />
    <ClInclude Include="include\rendering\renderers\GlRenderer.hpp" />
    <ClInclude Include="include\rendering\renderers\Renderer.hpp" />
    <ClInclude Include="include\rendering\gl\GlMeshGroup.hpp" />
    <ClInclude Include="include\rendering\RenderObject.hpp" />
    <ClInclude Include="include\rendering\Extent.hpp" />
    <ClInclude Include="include\rendering\ShaderCommon.hpp" />
    <ClInclude Include="include\rendering\ShaderFamily.hpp" />
    <ClInclude Include="include\rendering\ShaderProcessing.hpp" />
    <ClInclude Include="include\rendering\RenderSettings.hpp" />
    <ClInclude Include="include\rendering\gl\GlSkyboxImpl.hpp" />
    <ClInclude Include="include\rendering\gl\GlBufferObject.hpp" />
    <ClInclude Include="include\rendering\gl\GlVertexArrayObject.hpp" />
    <ClInclude Include="include\rendering\ShaderProgram.hpp" />
    <ClInclude Include="src\GlContext.hpp" />
    <ClInclude Include="src\Renderer.hpp" />
    <ClInclude Include="src\Shader.hpp" />
    <ClInclude Include="src\Scene.hpp" />
    <ClInclude Include="src\SceneManager.hpp" />
    <ClInclude Include="src\CubeMesh.hpp" />
    <ClInclude Include="src\QuadMesh.hpp" />
    <ClInclude Include="src\PersistentMappedBuffer.hpp" />
    <ClInclude Include="src\Deserialize.hpp" />
    <ClInclude Include="src\Serialize.hpp" />
    <ClInclude Include="src\Texture2D.hpp" />
    <ClInclude Include="src\StaticMesh.hpp" />
    <ClInclude Include="src\StaticMaterial.hpp" />
    <ClInclude Include="src\Framebuffer.hpp" />
    <ClInclude Include="src\ArrayQueue.hpp" />
    <ClInclude Include="src\Bimap.hpp" />
    <ClInclude Include="src\Compare.hpp" />
    <ClInclude Include="src\Compress.hpp" />
    <ClInclude Include="src\Hash.hpp" />
    <ClInclude Include="src\Logger.hpp" />
    <ClInclude Include="src\Random.hpp" />
    <ClInclude Include="..\..\include\AABB.hpp" />
    <ClInclude Include="..\..\include\BehaviorNode.hpp" />
    <ClInclude Include="..\..\include\CameraNodes.hpp" />
    <ClInclude Include="..\..\include\Color.hpp" />
    <ClInclude Include="..\..\include\Context.hpp" />
    <ClInclude Include="..\..\include\Node.hpp" />
    <ClInclude Include="..\..\include\Entry.hpp" />
    <ClInclude Include="..\..\include\Event.hpp" />
    <ClInclude Include="..\..\include\Exit.hpp" />
    <ClInclude Include="..\..\include\Extent.hpp" />
    <ClInclude Include="..\..\include\FrameCompleteEvent.hpp" />
    <ClInclude Include="..\..\include\Frustum.hpp" />
    <ClInclude Include="..\..\include\Image.hpp" />
    <ClInclude Include="..\..\include\ImageSprite.hpp" />
    <ClInclude Include="..\..\include\ModelImport.hpp" />
    <ClInclude Include="..\..\include\Input.hpp" />
    <ClInclude Include="..\..\include\Leopph.hpp" />
    <ClInclude Include="..\..\include\LeopphApi.hpp" />
    <ClInclude Include="..\..\include\Lights.hpp" />
    <ClInclude Include="..\..\include\Main.hpp" />
    <ClInclude Include="..\..\include\Math.hpp" />
    <ClInclude Include="..\..\include\Settings.hpp" />
    <ClInclude Include="..\..\include\Skybox.hpp" />
    <ClInclude Include="..\..\include\StaticMeshNode.hpp" />
    <ClInclude Include="..\..\include\StaticModelData.hpp" />
    <ClInclude Include="..\..\include\Timer.hpp" />
    <ClInclude Include="..\..\include\Types.hpp" />
    <ClInclude Include="..\..\include\Util.hpp" />
    <ClInclude Include="..\..\include\Window.hpp" />
  </ItemGroup>
  <ItemGroup>
    <None Include="src\shaders\glsl\include\CompositeFrag.glsl" />
    <None Include="src\shaders\glsl\include\DepthVert.glsl" />
    <None Include="src\shaders\glsl\include\ForwardFrag.glsl" />
    <None Include="src\shaders\glsl\include\ForwardVert.glsl" />
    <None Include="src\shaders\glsl\include\GammaFrag.glsl" />
    <None Include="src\shaders\glsl\include\GbufferFrag.glsl" />
    <None Include="src\shaders\glsl\include\GbufferVert.glsl" />
    <None Include="src\shaders\glsl\include\Lighting.glsl" />
    <None Include="src\shaders\glsl\include\DeferredLightingFrag.glsl" />
    <None Include="src\shaders\glsl\include\LinearShadowFrag.glsl" />
    <None Include="src\shaders\glsl\include\LinearShadowVert.glsl" />
    <None Include="src\shaders\glsl\include\Material.glsl" />
    <None Include="src\shaders\glsl\include\Pos2dVert.glsl" />
    <None Include="src\shaders\glsl\include\SkyboxFrag.glsl" />
    <None Include="src\shaders\glsl\include\SkyboxVert.glsl" />
    <None Include="src\shaders\glsl\TransparencyComposite.shader" />
    <None Include="src\shaders\glsl\DeferredLighting.shader" />
    <None Include="src\shaders\glsl\DepthShadow.shader" />
    <None Include="src\shaders\glsl\Forward.shader" />
    <None Include="src\shaders\glsl\GammaCorrect.shader" />
    <None Include="src\shaders\glsl\Gbuffer.shader" />
    <None Include="src\shaders\glsl\LinearShadow.shader" />
    <None Include="src\shaders\glsl\Skybox.shader" />
    <None Include="src\shaders\glsl\include\BlinnPhong.glsl" />
    <None Include="src\shaders\glsl\include\CameraData.glsl" />
  </ItemGroup>
  <ItemGroup>
    <Text Include="doc\leopph3d_spec.txt" />
  </ItemGroup>
</Project>